// !$*UTF8*$!
{
	archiveVersion = 1;
	classes = {
	};
	objectVersion = 46;
	objects = {

/* Begin PBXBuildFile section */
		26021F0F1A80EC940096E302 /* home1@2x.png in Resources */ = {isa = PBXBuildFile; fileRef = 26021F0D1A80EC940096E302 /* home1@2x.png */; };
		26021F111A80ED580096E302 /* home3@2x.png in Resources */ = {isa = PBXBuildFile; fileRef = 26021F101A80ED580096E302 /* home3@2x.png */; };
		26021F181A80EDA40096E302 /* M6HeaderInsetTableView.m in Sources */ = {isa = PBXBuildFile; fileRef = 26021F141A80EDA40096E302 /* M6HeaderInsetTableView.m */; };
		26021F191A80EDA40096E302 /* M6UniversalParallaxViewController.m in Sources */ = {isa = PBXBuildFile; fileRef = 26021F161A80EDA40096E302 /* M6UniversalParallaxViewController.m */; };
		26021F1A1A80EDA40096E302 /* M6UniversalParallaxViewController.xib in Resources */ = {isa = PBXBuildFile; fileRef = 26021F171A80EDA40096E302 /* M6UniversalParallaxViewController.xib */; };
		26021F211A80EDBB0096E302 /* FancyViewController.m in Sources */ = {isa = PBXBuildFile; fileRef = 26021F1C1A80EDBB0096E302 /* FancyViewController.m */; };
		26021F221A80EDBB0096E302 /* FancyViewController.xib in Resources */ = {isa = PBXBuildFile; fileRef = 26021F1D1A80EDBB0096E302 /* FancyViewController.xib */; };
		26021F231A80EDBB0096E302 /* UIImage+ImageEffects.m in Sources */ = {isa = PBXBuildFile; fileRef = 26021F201A80EDBB0096E302 /* UIImage+ImageEffects.m */; };
		2615C6121A78BF83006B2497 /* SeaFoodTest.plist in Resources */ = {isa = PBXBuildFile; fileRef = 2615C6111A78BF83006B2497 /* SeaFoodTest.plist */; };
		2615C61A1A78FFA9006B2497 /* food1.png in Resources */ = {isa = PBXBuildFile; fileRef = 2615C6141A78FFA9006B2497 /* food1.png */; };
		2615C61B1A78FFA9006B2497 /* food2.png in Resources */ = {isa = PBXBuildFile; fileRef = 2615C6151A78FFA9006B2497 /* food2.png */; };
		2615C61C1A78FFA9006B2497 /* food3.png in Resources */ = {isa = PBXBuildFile; fileRef = 2615C6161A78FFA9006B2497 /* food3.png */; };
		2615C61D1A78FFA9006B2497 /* food4.png in Resources */ = {isa = PBXBuildFile; fileRef = 2615C6171A78FFA9006B2497 /* food4.png */; };
		2615C61E1A78FFA9006B2497 /* food5.png in Resources */ = {isa = PBXBuildFile; fileRef = 2615C6181A78FFA9006B2497 /* food5.png */; };
		2615C61F1A78FFA9006B2497 /* food6.png in Resources */ = {isa = PBXBuildFile; fileRef = 2615C6191A78FFA9006B2497 /* food6.png */; };
		261E61321A81CF8B004FE10C /* gradient@2x.png in Resources */ = {isa = PBXBuildFile; fileRef = 261E61311A81CF8B004FE10C /* gradient@2x.png */; };
		261E61551A821FD2004FE10C /* UMSocialLocalizable.strings in Resources */ = {isa = PBXBuildFile; fileRef = 261E613B1A821FD2004FE10C /* UMSocialLocalizable.strings */; };
		261E61561A821FD2004FE10C /* libUMSocial_Sdk_4.2.1.a in Frameworks */ = {isa = PBXBuildFile; fileRef = 261E61491A821FD2004FE10C /* libUMSocial_Sdk_4.2.1.a */; };
		261E61571A821FD2004FE10C /* UMSCommentDetailController.xib in Resources */ = {isa = PBXBuildFile; fileRef = 261E614B1A821FD2004FE10C /* UMSCommentDetailController.xib */; };
		261E61581A821FD2004FE10C /* UMSCommentInputController.xib in Resources */ = {isa = PBXBuildFile; fileRef = 261E614C1A821FD2004FE10C /* UMSCommentInputController.xib */; };
		261E61591A821FD2004FE10C /* UMSCommentInputControlleriPad.xib in Resources */ = {isa = PBXBuildFile; fileRef = 261E614D1A821FD2004FE10C /* UMSCommentInputControlleriPad.xib */; };
		261E615A1A821FD2004FE10C /* UMShareEditViewController.xib in Resources */ = {isa = PBXBuildFile; fileRef = 261E614E1A821FD2004FE10C /* UMShareEditViewController.xib */; };
		261E615B1A821FD2004FE10C /* UMShareEditViewControlleriPad.xib in Resources */ = {isa = PBXBuildFile; fileRef = 261E614F1A821FD2004FE10C /* UMShareEditViewControlleriPad.xib */; };
		261E615C1A821FD2004FE10C /* UMSLoginViewController.xib in Resources */ = {isa = PBXBuildFile; fileRef = 261E61501A821FD2004FE10C /* UMSLoginViewController.xib */; };
		261E615D1A821FD2004FE10C /* UMSnsAccountViewController.xib in Resources */ = {isa = PBXBuildFile; fileRef = 261E61511A821FD2004FE10C /* UMSnsAccountViewController.xib */; };
		261E615E1A821FD2004FE10C /* UMSShareListController.xib in Resources */ = {isa = PBXBuildFile; fileRef = 261E61521A821FD2004FE10C /* UMSShareListController.xib */; };
		261E615F1A821FD2004FE10C /* UMSocialSDKResourcesNew.bundle in Resources */ = {isa = PBXBuildFile; fileRef = 261E61531A821FD2004FE10C /* UMSocialSDKResourcesNew.bundle */; };
		261E61791A8223A6004FE10C /* libSocialQQ.a in Frameworks */ = {isa = PBXBuildFile; fileRef = 261E61621A8223A6004FE10C /* libSocialQQ.a */; };
		261E617A1A8223A6004FE10C /* TencentOpenAPI.framework in Frameworks */ = {isa = PBXBuildFile; fileRef = 261E61631A8223A6004FE10C /* TencentOpenAPI.framework */; };
		261E617B1A8223A6004FE10C /* TencentOpenApi_IOS_Bundle.bundle in Resources */ = {isa = PBXBuildFile; fileRef = 261E61641A8223A6004FE10C /* TencentOpenApi_IOS_Bundle.bundle */; };
		261E617C1A8223A6004FE10C /* libSocialWechat.a in Frameworks */ = {isa = PBXBuildFile; fileRef = 261E61671A8223A6004FE10C /* libSocialWechat.a */; };
		26220C001A7B901100FA2F25 /* MenuDetailViewController.m in Sources */ = {isa = PBXBuildFile; fileRef = 26220BFF1A7B901100FA2F25 /* MenuDetailViewController.m */; };
		262265231A830D0500904403 /* share@2x.png in Resources */ = {isa = PBXBuildFile; fileRef = 262265221A830D0500904403 /* share@2x.png */; };
		262265271A83219A00904403 /* libSocialSina.a in Frameworks */ = {isa = PBXBuildFile; fileRef = 262265251A83219A00904403 /* libSocialSina.a */; };
		262265291A83450300904403 /* Security.framework in Frameworks */ = {isa = PBXBuildFile; fileRef = 262265281A83450300904403 /* Security.framework */; };
		2622652B1A83451B00904403 /* libiconv.dylib in Frameworks */ = {isa = PBXBuildFile; fileRef = 2622652A1A83451B00904403 /* libiconv.dylib */; };
		2622652D1A83452D00904403 /* SystemConfiguration.framework in Frameworks */ = {isa = PBXBuildFile; fileRef = 2622652C1A83452D00904403 /* SystemConfiguration.framework */; };
		2622652F1A83453D00904403 /* CoreGraphics.framework in Frameworks */ = {isa = PBXBuildFile; fileRef = 2622652E1A83453D00904403 /* CoreGraphics.framework */; };
		262265311A83454C00904403 /* libsqlite3.dylib in Frameworks */ = {isa = PBXBuildFile; fileRef = 262265301A83454C00904403 /* libsqlite3.dylib */; };
		262265331A83456500904403 /* CoreTelephony.framework in Frameworks */ = {isa = PBXBuildFile; fileRef = 262265321A83456500904403 /* CoreTelephony.framework */; };
		262265351A83457600904403 /* libstdc++.dylib in Frameworks */ = {isa = PBXBuildFile; fileRef = 262265341A83457600904403 /* libstdc++.dylib */; };
		262265371A83458300904403 /* libz.dylib in Frameworks */ = {isa = PBXBuildFile; fileRef = 262265361A83458300904403 /* libz.dylib */; };
		26290E131A773AE4001CA145 /* TabBar-BG.png in Resources */ = {isa = PBXBuildFile; fileRef = 26290E121A773AE4001CA145 /* TabBar-BG.png */; };
		26290E171A77912C001CA145 /* home2@2x.png in Resources */ = {isa = PBXBuildFile; fileRef = 26290E151A77912C001CA145 /* home2@2x.png */; };
		26290E1B1A7792C3001CA145 /* SeaFood.m in Sources */ = {isa = PBXBuildFile; fileRef = 26290E1A1A7792C3001CA145 /* SeaFood.m */; };
		26290E1E1A7797BF001CA145 /* FoodTableViewCell.m in Sources */ = {isa = PBXBuildFile; fileRef = 26290E1D1A7797BF001CA145 /* FoodTableViewCell.m */; };
		264EDDF21A8CB9C500036EC6 /* libWeChatSDK.a in Frameworks */ = {isa = PBXBuildFile; fileRef = 264EDDEF1A8CB9C500036EC6 /* libWeChatSDK.a */; };
		2692EC2C1A762CF600C5201F /* main.m in Sources */ = {isa = PBXBuildFile; fileRef = 2692EC2B1A762CF600C5201F /* main.m */; };
		2692EC2F1A762CF600C5201F /* AppDelegate.m in Sources */ = {isa = PBXBuildFile; fileRef = 2692EC2E1A762CF600C5201F /* AppDelegate.m */; };
		2692EC351A762CF600C5201F /* Main.storyboard in Resources */ = {isa = PBXBuildFile; fileRef = 2692EC331A762CF600C5201F /* Main.storyboard */; };
		2692EC371A762CF600C5201F /* Images.xcassets in Resources */ = {isa = PBXBuildFile; fileRef = 2692EC361A762CF600C5201F /* Images.xcassets */; };
		2692EC3A1A762CF600C5201F /* LaunchScreen.xib in Resources */ = {isa = PBXBuildFile; fileRef = 2692EC381A762CF600C5201F /* LaunchScreen.xib */; };
		2692EC461A762CF600C5201F /* MixSeafoodDemoTests.m in Sources */ = {isa = PBXBuildFile; fileRef = 2692EC451A762CF600C5201F /* MixSeafoodDemoTests.m */; };
		2692EC521A76349B00C5201F /* logo1.png in Resources */ = {isa = PBXBuildFile; fileRef = 2692EC501A76349B00C5201F /* logo1.png */; };
		2692EC531A76349B00C5201F /* icon.png in Resources */ = {isa = PBXBuildFile; fileRef = 2692EC511A76349B00C5201F /* icon.png */; };
		2692EC5F1A76402A00C5201F /* edit.png in Resources */ = {isa = PBXBuildFile; fileRef = 2692EC541A76402A00C5201F /* edit.png */; };
		2692EC601A76402A00C5201F /* mail.png in Resources */ = {isa = PBXBuildFile; fileRef = 2692EC551A76402A00C5201F /* mail.png */; };
		2692EC611A76402A00C5201F /* home.png in Resources */ = {isa = PBXBuildFile; fileRef = 2692EC561A76402A00C5201F /* home.png */; };
		2692EC621A76402A00C5201F /* light.png in Resources */ = {isa = PBXBuildFile; fileRef = 2692EC571A76402A00C5201F /* light.png */; };
		2692EC631A76402A00C5201F /* pinpoint.png in Resources */ = {isa = PBXBuildFile; fileRef = 2692EC581A76402A00C5201F /* pinpoint.png */; };
		2692EC641A76402A00C5201F /* profile.png in Resources */ = {isa = PBXBuildFile; fileRef = 2692EC591A76402A00C5201F /* profile.png */; };
		2692EC651A76402A00C5201F /* save.png in Resources */ = {isa = PBXBuildFile; fileRef = 2692EC5A1A76402A00C5201F /* save.png */; };
		2692EC661A76402A00C5201F /* settings 1.png in Resources */ = {isa = PBXBuildFile; fileRef = 2692EC5B1A76402A00C5201F /* settings 1.png */; };
		2692EC681A76402A00C5201F /* spinner.png in Resources */ = {isa = PBXBuildFile; fileRef = 2692EC5D1A76402A00C5201F /* spinner.png */; };
		2692EC691A76402A00C5201F /* tags.png in Resources */ = {isa = PBXBuildFile; fileRef = 2692EC5E1A76402A00C5201F /* tags.png */; };
		2692EC6F1A7642E900C5201F /* MainTabBarViewController.m in Sources */ = {isa = PBXBuildFile; fileRef = 2692EC6E1A7642E900C5201F /* MainTabBarViewController.m */; };
		2692EC721A7646D800C5201F /* HomeViewController.m in Sources */ = {isa = PBXBuildFile; fileRef = 2692EC711A7646D800C5201F /* HomeViewController.m */; };
		2692EC791A7648ED00C5201F /* MenuViewController.m in Sources */ = {isa = PBXBuildFile; fileRef = 2692EC781A7648ED00C5201F /* MenuViewController.m */; };
		2692EC7C1A7648FD00C5201F /* HotViewController.m in Sources */ = {isa = PBXBuildFile; fileRef = 2692EC7B1A7648FD00C5201F /* HotViewController.m */; };
		2692EC7F1A76490B00C5201F /* ProfileViewController.m in Sources */ = {isa = PBXBuildFile; fileRef = 2692EC7E1A76490B00C5201F /* ProfileViewController.m */; };
		2692EC821A76495500C5201F /* BaseNavigationViewController.m in Sources */ = {isa = PBXBuildFile; fileRef = 2692EC811A76495500C5201F /* BaseNavigationViewController.m */; };
		26CD35FA1A84734B0089A1D3 /* HomeList.plist in Resources */ = {isa = PBXBuildFile; fileRef = 26CD35F91A84734B0089A1D3 /* HomeList.plist */; };
		26CD35FD1A84B5D90089A1D3 /* NewsTableViewCell.m in Sources */ = {isa = PBXBuildFile; fileRef = 26CD35FC1A84B5D90089A1D3 /* NewsTableViewCell.m */; };
		26CD36001A84C1190089A1D3 /* News.m in Sources */ = {isa = PBXBuildFile; fileRef = 26CD35FF1A84C1190089A1D3 /* News.m */; };
/* End PBXBuildFile section */

/* Begin PBXContainerItemProxy section */
		2692EC401A762CF600C5201F /* PBXContainerItemProxy */ = {
			isa = PBXContainerItemProxy;
			containerPortal = 2692EC1E1A762CF600C5201F /* Project object */;
			proxyType = 1;
			remoteGlobalIDString = 2692EC251A762CF600C5201F;
			remoteInfo = MixSeafoodDemo;
		};
/* End PBXContainerItemProxy section */

/* Begin PBXFileReference section */
		26021F0D1A80EC940096E302 /* home1@2x.png */ = {isa = PBXFileReference; lastKnownFileType = image.png; path = "home1@2x.png"; sourceTree = "<group>"; };
		26021F101A80ED580096E302 /* home3@2x.png */ = {isa = PBXFileReference; lastKnownFileType = image.png; path = "home3@2x.png"; sourceTree = "<group>"; };
		26021F131A80EDA40096E302 /* M6HeaderInsetTableView.h */ = {isa = PBXFileReference; fileEncoding = 4; lastKnownFileType = sourcecode.c.h; path = M6HeaderInsetTableView.h; sourceTree = "<group>"; };
		26021F141A80EDA40096E302 /* M6HeaderInsetTableView.m */ = {isa = PBXFileReference; fileEncoding = 4; lastKnownFileType = sourcecode.c.objc; path = M6HeaderInsetTableView.m; sourceTree = "<group>"; };
		26021F151A80EDA40096E302 /* M6UniversalParallaxViewController.h */ = {isa = PBXFileReference; fileEncoding = 4; lastKnownFileType = sourcecode.c.h; path = M6UniversalParallaxViewController.h; sourceTree = "<group>"; };
		26021F161A80EDA40096E302 /* M6UniversalParallaxViewController.m */ = {isa = PBXFileReference; fileEncoding = 4; lastKnownFileType = sourcecode.c.objc; path = M6UniversalParallaxViewController.m; sourceTree = "<group>"; };
		26021F171A80EDA40096E302 /* M6UniversalParallaxViewController.xib */ = {isa = PBXFileReference; fileEncoding = 4; lastKnownFileType = file.xib; path = M6UniversalParallaxViewController.xib; sourceTree = "<group>"; };
		26021F1B1A80EDBB0096E302 /* FancyViewController.h */ = {isa = PBXFileReference; fileEncoding = 4; lastKnownFileType = sourcecode.c.h; path = FancyViewController.h; sourceTree = "<group>"; };
		26021F1C1A80EDBB0096E302 /* FancyViewController.m */ = {isa = PBXFileReference; fileEncoding = 4; lastKnownFileType = sourcecode.c.objc; path = FancyViewController.m; sourceTree = "<group>"; };
		26021F1D1A80EDBB0096E302 /* FancyViewController.xib */ = {isa = PBXFileReference; fileEncoding = 4; lastKnownFileType = file.xib; path = FancyViewController.xib; sourceTree = "<group>"; };
		26021F1F1A80EDBB0096E302 /* UIImage+ImageEffects.h */ = {isa = PBXFileReference; fileEncoding = 4; lastKnownFileType = sourcecode.c.h; path = "UIImage+ImageEffects.h"; sourceTree = "<group>"; };
		26021F201A80EDBB0096E302 /* UIImage+ImageEffects.m */ = {isa = PBXFileReference; fileEncoding = 4; lastKnownFileType = sourcecode.c.objc; path = "UIImage+ImageEffects.m"; sourceTree = "<group>"; };
		2615C6111A78BF83006B2497 /* SeaFoodTest.plist */ = {isa = PBXFileReference; fileEncoding = 4; lastKnownFileType = text.plist.xml; path = SeaFoodTest.plist; sourceTree = "<group>"; };
		2615C6141A78FFA9006B2497 /* food1.png */ = {isa = PBXFileReference; lastKnownFileType = image.png; path = food1.png; sourceTree = "<group>"; };
		2615C6151A78FFA9006B2497 /* food2.png */ = {isa = PBXFileReference; lastKnownFileType = image.png; path = food2.png; sourceTree = "<group>"; };
		2615C6161A78FFA9006B2497 /* food3.png */ = {isa = PBXFileReference; lastKnownFileType = image.png; path = food3.png; sourceTree = "<group>"; };
		2615C6171A78FFA9006B2497 /* food4.png */ = {isa = PBXFileReference; lastKnownFileType = image.png; path = food4.png; sourceTree = "<group>"; };
		2615C6181A78FFA9006B2497 /* food5.png */ = {isa = PBXFileReference; lastKnownFileType = image.png; path = food5.png; sourceTree = "<group>"; };
		2615C6191A78FFA9006B2497 /* food6.png */ = {isa = PBXFileReference; lastKnownFileType = image.png; path = food6.png; sourceTree = "<group>"; };
		261E61311A81CF8B004FE10C /* gradient@2x.png */ = {isa = PBXFileReference; lastKnownFileType = image.png; path = "gradient@2x.png"; sourceTree = "<group>"; };
		261E613C1A821FD2004FE10C /* en */ = {isa = PBXFileReference; lastKnownFileType = text.plist.strings; name = en; path = en.lproj/UMSocialLocalizable.strings; sourceTree = "<group>"; };
		261E613E1A821FD2004FE10C /* UMSocial.h */ = {isa = PBXFileReference; fileEncoding = 4; lastKnownFileType = sourcecode.c.h; path = UMSocial.h; sourceTree = "<group>"; };
		261E613F1A821FD2004FE10C /* UMSocialAccountManager.h */ = {isa = PBXFileReference; fileEncoding = 4; lastKnownFileType = sourcecode.c.h; path = UMSocialAccountManager.h; sourceTree = "<group>"; };
		261E61401A821FD2004FE10C /* UMSocialBar.h */ = {isa = PBXFileReference; fileEncoding = 4; lastKnownFileType = sourcecode.c.h; path = UMSocialBar.h; sourceTree = "<group>"; };
		261E61411A821FD2004FE10C /* UMSocialConfig.h */ = {isa = PBXFileReference; fileEncoding = 4; lastKnownFileType = sourcecode.c.h; path = UMSocialConfig.h; sourceTree = "<group>"; };
		261E61421A821FD2004FE10C /* UMSocialControllerService.h */ = {isa = PBXFileReference; fileEncoding = 4; lastKnownFileType = sourcecode.c.h; path = UMSocialControllerService.h; sourceTree = "<group>"; };
		261E61431A821FD2004FE10C /* UMSocialControllerServiceComment.h */ = {isa = PBXFileReference; fileEncoding = 4; lastKnownFileType = sourcecode.c.h; path = UMSocialControllerServiceComment.h; sourceTree = "<group>"; };
		261E61441A821FD2004FE10C /* UMSocialData.h */ = {isa = PBXFileReference; fileEncoding = 4; lastKnownFileType = sourcecode.c.h; path = UMSocialData.h; sourceTree = "<group>"; };
		261E61451A821FD2004FE10C /* UMSocialDataService.h */ = {isa = PBXFileReference; fileEncoding = 4; lastKnownFileType = sourcecode.c.h; path = UMSocialDataService.h; sourceTree = "<group>"; };
		261E61461A821FD2004FE10C /* UMSocialSnsData.h */ = {isa = PBXFileReference; fileEncoding = 4; lastKnownFileType = sourcecode.c.h; path = UMSocialSnsData.h; sourceTree = "<group>"; };
		261E61471A821FD2004FE10C /* UMSocialSnsPlatformManager.h */ = {isa = PBXFileReference; fileEncoding = 4; lastKnownFileType = sourcecode.c.h; path = UMSocialSnsPlatformManager.h; sourceTree = "<group>"; };
		261E61481A821FD2004FE10C /* UMSocialSnsService.h */ = {isa = PBXFileReference; fileEncoding = 4; lastKnownFileType = sourcecode.c.h; path = UMSocialSnsService.h; sourceTree = "<group>"; };
		261E61491A821FD2004FE10C /* libUMSocial_Sdk_4.2.1.a */ = {isa = PBXFileReference; lastKnownFileType = archive.ar; path = libUMSocial_Sdk_4.2.1.a; sourceTree = "<group>"; };
		261E614B1A821FD2004FE10C /* UMSCommentDetailController.xib */ = {isa = PBXFileReference; fileEncoding = 4; lastKnownFileType = file.xib; path = UMSCommentDetailController.xib; sourceTree = "<group>"; };
		261E614C1A821FD2004FE10C /* UMSCommentInputController.xib */ = {isa = PBXFileReference; fileEncoding = 4; lastKnownFileType = file.xib; path = UMSCommentInputController.xib; sourceTree = "<group>"; };
		261E614D1A821FD2004FE10C /* UMSCommentInputControlleriPad.xib */ = {isa = PBXFileReference; fileEncoding = 4; lastKnownFileType = file.xib; path = UMSCommentInputControlleriPad.xib; sourceTree = "<group>"; };
		261E614E1A821FD2004FE10C /* UMShareEditViewController.xib */ = {isa = PBXFileReference; fileEncoding = 4; lastKnownFileType = file.xib; path = UMShareEditViewController.xib; sourceTree = "<group>"; };
		261E614F1A821FD2004FE10C /* UMShareEditViewControlleriPad.xib */ = {isa = PBXFileReference; fileEncoding = 4; lastKnownFileType = file.xib; path = UMShareEditViewControlleriPad.xib; sourceTree = "<group>"; };
		261E61501A821FD2004FE10C /* UMSLoginViewController.xib */ = {isa = PBXFileReference; fileEncoding = 4; lastKnownFileType = file.xib; path = UMSLoginViewController.xib; sourceTree = "<group>"; };
		261E61511A821FD2004FE10C /* UMSnsAccountViewController.xib */ = {isa = PBXFileReference; fileEncoding = 4; lastKnownFileType = file.xib; path = UMSnsAccountViewController.xib; sourceTree = "<group>"; };
		261E61521A821FD2004FE10C /* UMSShareListController.xib */ = {isa = PBXFileReference; fileEncoding = 4; lastKnownFileType = file.xib; path = UMSShareListController.xib; sourceTree = "<group>"; };
		261E61531A821FD2004FE10C /* UMSocialSDKResourcesNew.bundle */ = {isa = PBXFileReference; lastKnownFileType = "wrapper.plug-in"; path = UMSocialSDKResourcesNew.bundle; sourceTree = "<group>"; };
		261E61541A821FD2004FE10C /* zh-Hans */ = {isa = PBXFileReference; lastKnownFileType = text.plist.strings; name = "zh-Hans"; path = "zh-Hans.lproj/UMSocialLocalizable.strings"; sourceTree = "<group>"; };
		261E61621A8223A6004FE10C /* libSocialQQ.a */ = {isa = PBXFileReference; lastKnownFileType = archive.ar; path = libSocialQQ.a; sourceTree = "<group>"; };
		261E61631A8223A6004FE10C /* TencentOpenAPI.framework */ = {isa = PBXFileReference; lastKnownFileType = wrapper.framework; path = TencentOpenAPI.framework; sourceTree = "<group>"; };
		261E61641A8223A6004FE10C /* TencentOpenApi_IOS_Bundle.bundle */ = {isa = PBXFileReference; lastKnownFileType = "wrapper.plug-in"; path = TencentOpenApi_IOS_Bundle.bundle; sourceTree = "<group>"; };
		261E61651A8223A6004FE10C /* UMSocialQQHandler.h */ = {isa = PBXFileReference; fileEncoding = 4; lastKnownFileType = sourcecode.c.h; path = UMSocialQQHandler.h; sourceTree = "<group>"; };
		261E61671A8223A6004FE10C /* libSocialWechat.a */ = {isa = PBXFileReference; lastKnownFileType = archive.ar; path = libSocialWechat.a; sourceTree = "<group>"; };
		261E61691A8223A6004FE10C /* UMSocialWechatHandler.h */ = {isa = PBXFileReference; fileEncoding = 4; lastKnownFileType = sourcecode.c.h; path = UMSocialWechatHandler.h; sourceTree = "<group>"; };
		26220BFE1A7B901100FA2F25 /* MenuDetailViewController.h */ = {isa = PBXFileReference; fileEncoding = 4; lastKnownFileType = sourcecode.c.h; path = MenuDetailViewController.h; sourceTree = "<group>"; };
		26220BFF1A7B901100FA2F25 /* MenuDetailViewController.m */ = {isa = PBXFileReference; fileEncoding = 4; lastKnownFileType = sourcecode.c.objc; path = MenuDetailViewController.m; sourceTree = "<group>"; };
		262265221A830D0500904403 /* share@2x.png */ = {isa = PBXFileReference; lastKnownFileType = image.png; path = "share@2x.png"; sourceTree = "<group>"; };
		262265251A83219A00904403 /* libSocialSina.a */ = {isa = PBXFileReference; lastKnownFileType = archive.ar; path = libSocialSina.a; sourceTree = "<group>"; };
		262265261A83219A00904403 /* UMSocialSinaHandler.h */ = {isa = PBXFileReference; fileEncoding = 4; lastKnownFileType = sourcecode.c.h; path = UMSocialSinaHandler.h; sourceTree = "<group>"; };
		262265281A83450300904403 /* Security.framework */ = {isa = PBXFileReference; lastKnownFileType = wrapper.framework; name = Security.framework; path = System/Library/Frameworks/Security.framework; sourceTree = SDKROOT; };
		2622652A1A83451B00904403 /* libiconv.dylib */ = {isa = PBXFileReference; lastKnownFileType = "compiled.mach-o.dylib"; name = libiconv.dylib; path = usr/lib/libiconv.dylib; sourceTree = SDKROOT; };
		2622652C1A83452D00904403 /* SystemConfiguration.framework */ = {isa = PBXFileReference; lastKnownFileType = wrapper.framework; name = SystemConfiguration.framework; path = System/Library/Frameworks/SystemConfiguration.framework; sourceTree = SDKROOT; };
		2622652E1A83453D00904403 /* CoreGraphics.framework */ = {isa = PBXFileReference; lastKnownFileType = wrapper.framework; name = CoreGraphics.framework; path = System/Library/Frameworks/CoreGraphics.framework; sourceTree = SDKROOT; };
		262265301A83454C00904403 /* libsqlite3.dylib */ = {isa = PBXFileReference; lastKnownFileType = "compiled.mach-o.dylib"; name = libsqlite3.dylib; path = usr/lib/libsqlite3.dylib; sourceTree = SDKROOT; };
		262265321A83456500904403 /* CoreTelephony.framework */ = {isa = PBXFileReference; lastKnownFileType = wrapper.framework; name = CoreTelephony.framework; path = System/Library/Frameworks/CoreTelephony.framework; sourceTree = SDKROOT; };
		262265341A83457600904403 /* libstdc++.dylib */ = {isa = PBXFileReference; lastKnownFileType = "compiled.mach-o.dylib"; name = "libstdc++.dylib"; path = "usr/lib/libstdc++.dylib"; sourceTree = SDKROOT; };
		262265361A83458300904403 /* libz.dylib */ = {isa = PBXFileReference; lastKnownFileType = "compiled.mach-o.dylib"; name = libz.dylib; path = usr/lib/libz.dylib; sourceTree = SDKROOT; };
		26290E121A773AE4001CA145 /* TabBar-BG.png */ = {isa = PBXFileReference; lastKnownFileType = image.png; path = "TabBar-BG.png"; sourceTree = "<group>"; };
		26290E151A77912C001CA145 /* home2@2x.png */ = {isa = PBXFileReference; lastKnownFileType = image.png; path = "home2@2x.png"; sourceTree = "<group>"; };
		26290E191A7792C3001CA145 /* SeaFood.h */ = {isa = PBXFileReference; fileEncoding = 4; lastKnownFileType = sourcecode.c.h; path = SeaFood.h; sourceTree = "<group>"; };
		26290E1A1A7792C3001CA145 /* SeaFood.m */ = {isa = PBXFileReference; fileEncoding = 4; lastKnownFileType = sourcecode.c.objc; path = SeaFood.m; sourceTree = "<group>"; };
		26290E1C1A7797BF001CA145 /* FoodTableViewCell.h */ = {isa = PBXFileReference; fileEncoding = 4; lastKnownFileType = sourcecode.c.h; path = FoodTableViewCell.h; sourceTree = "<group>"; };
		26290E1D1A7797BF001CA145 /* FoodTableViewCell.m */ = {isa = PBXFileReference; fileEncoding = 4; lastKnownFileType = sourcecode.c.objc; path = FoodTableViewCell.m; sourceTree = "<group>"; };
		264EDDEF1A8CB9C500036EC6 /* libWeChatSDK.a */ = {isa = PBXFileReference; lastKnownFileType = archive.ar; path = libWeChatSDK.a; sourceTree = "<group>"; };
		264EDDF01A8CB9C500036EC6 /* WXApi.h */ = {isa = PBXFileReference; fileEncoding = 4; lastKnownFileType = sourcecode.c.h; path = WXApi.h; sourceTree = "<group>"; };
		264EDDF11A8CB9C500036EC6 /* WXApiObject.h */ = {isa = PBXFileReference; fileEncoding = 4; lastKnownFileType = sourcecode.c.h; path = WXApiObject.h; sourceTree = "<group>"; };
		2692EC261A762CF600C5201F /* MixSeafoodDemo.app */ = {isa = PBXFileReference; explicitFileType = wrapper.application; includeInIndex = 0; path = MixSeafoodDemo.app; sourceTree = BUILT_PRODUCTS_DIR; };
		2692EC2A1A762CF600C5201F /* Info.plist */ = {isa = PBXFileReference; lastKnownFileType = text.plist.xml; path = Info.plist; sourceTree = "<group>"; };
		2692EC2B1A762CF600C5201F /* main.m */ = {isa = PBXFileReference; lastKnownFileType = sourcecode.c.objc; path = main.m; sourceTree = "<group>"; };
		2692EC2D1A762CF600C5201F /* AppDelegate.h */ = {isa = PBXFileReference; lastKnownFileType = sourcecode.c.h; path = AppDelegate.h; sourceTree = "<group>"; };
		2692EC2E1A762CF600C5201F /* AppDelegate.m */ = {isa = PBXFileReference; lastKnownFileType = sourcecode.c.objc; path = AppDelegate.m; sourceTree = "<group>"; };
		2692EC341A762CF600C5201F /* Base */ = {isa = PBXFileReference; lastKnownFileType = file.storyboard; name = Base; path = Base.lproj/Main.storyboard; sourceTree = "<group>"; };
		2692EC361A762CF600C5201F /* Images.xcassets */ = {isa = PBXFileReference; lastKnownFileType = folder.assetcatalog; path = Images.xcassets; sourceTree = "<group>"; };
		2692EC391A762CF600C5201F /* Base */ = {isa = PBXFileReference; lastKnownFileType = file.xib; name = Base; path = Base.lproj/LaunchScreen.xib; sourceTree = "<group>"; };
		2692EC3F1A762CF600C5201F /* MixSeafoodDemoTests.xctest */ = {isa = PBXFileReference; explicitFileType = wrapper.cfbundle; includeInIndex = 0; path = MixSeafoodDemoTests.xctest; sourceTree = BUILT_PRODUCTS_DIR; };
		2692EC441A762CF600C5201F /* Info.plist */ = {isa = PBXFileReference; lastKnownFileType = text.plist.xml; path = Info.plist; sourceTree = "<group>"; };
		2692EC451A762CF600C5201F /* MixSeafoodDemoTests.m */ = {isa = PBXFileReference; lastKnownFileType = sourcecode.c.objc; path = MixSeafoodDemoTests.m; sourceTree = "<group>"; };
		2692EC501A76349B00C5201F /* logo1.png */ = {isa = PBXFileReference; lastKnownFileType = image.png; path = logo1.png; sourceTree = "<group>"; };
		2692EC511A76349B00C5201F /* icon.png */ = {isa = PBXFileReference; lastKnownFileType = image.png; path = icon.png; sourceTree = "<group>"; };
		2692EC541A76402A00C5201F /* edit.png */ = {isa = PBXFileReference; lastKnownFileType = image.png; path = edit.png; sourceTree = "<group>"; };
		2692EC551A76402A00C5201F /* mail.png */ = {isa = PBXFileReference; lastKnownFileType = image.png; path = mail.png; sourceTree = "<group>"; };
		2692EC561A76402A00C5201F /* home.png */ = {isa = PBXFileReference; lastKnownFileType = image.png; path = home.png; sourceTree = "<group>"; };
		2692EC571A76402A00C5201F /* light.png */ = {isa = PBXFileReference; lastKnownFileType = image.png; path = light.png; sourceTree = "<group>"; };
		2692EC581A76402A00C5201F /* pinpoint.png */ = {isa = PBXFileReference; lastKnownFileType = image.png; path = pinpoint.png; sourceTree = "<group>"; };
		2692EC591A76402A00C5201F /* profile.png */ = {isa = PBXFileReference; lastKnownFileType = image.png; path = profile.png; sourceTree = "<group>"; };
		2692EC5A1A76402A00C5201F /* save.png */ = {isa = PBXFileReference; lastKnownFileType = image.png; path = save.png; sourceTree = "<group>"; };
		2692EC5B1A76402A00C5201F /* settings 1.png */ = {isa = PBXFileReference; lastKnownFileType = image.png; path = "settings 1.png"; sourceTree = "<group>"; };
		2692EC5D1A76402A00C5201F /* spinner.png */ = {isa = PBXFileReference; lastKnownFileType = image.png; path = spinner.png; sourceTree = "<group>"; };
		2692EC5E1A76402A00C5201F /* tags.png */ = {isa = PBXFileReference; lastKnownFileType = image.png; path = tags.png; sourceTree = "<group>"; };
		2692EC6D1A7642E900C5201F /* MainTabBarViewController.h */ = {isa = PBXFileReference; fileEncoding = 4; lastKnownFileType = sourcecode.c.h; path = MainTabBarViewController.h; sourceTree = "<group>"; };
		2692EC6E1A7642E900C5201F /* MainTabBarViewController.m */ = {isa = PBXFileReference; fileEncoding = 4; lastKnownFileType = sourcecode.c.objc; path = MainTabBarViewController.m; sourceTree = "<group>"; };
		2692EC701A7646D800C5201F /* HomeViewController.h */ = {isa = PBXFileReference; fileEncoding = 4; lastKnownFileType = sourcecode.c.h; path = HomeViewController.h; sourceTree = "<group>"; };
		2692EC711A7646D800C5201F /* HomeViewController.m */ = {isa = PBXFileReference; fileEncoding = 4; lastKnownFileType = sourcecode.c.objc; path = HomeViewController.m; sourceTree = "<group>"; };
		2692EC771A7648ED00C5201F /* MenuViewController.h */ = {isa = PBXFileReference; fileEncoding = 4; lastKnownFileType = sourcecode.c.h; path = MenuViewController.h; sourceTree = "<group>"; };
		2692EC781A7648ED00C5201F /* MenuViewController.m */ = {isa = PBXFileReference; fileEncoding = 4; lastKnownFileType = sourcecode.c.objc; path = MenuViewController.m; sourceTree = "<group>"; };
		2692EC7A1A7648FD00C5201F /* HotViewController.h */ = {isa = PBXFileReference; fileEncoding = 4; lastKnownFileType = sourcecode.c.h; path = HotViewController.h; sourceTree = "<group>"; };
		2692EC7B1A7648FD00C5201F /* HotViewController.m */ = {isa = PBXFileReference; fileEncoding = 4; lastKnownFileType = sourcecode.c.objc; path = HotViewController.m; sourceTree = "<group>"; };
		2692EC7D1A76490B00C5201F /* ProfileViewController.h */ = {isa = PBXFileReference; fileEncoding = 4; lastKnownFileType = sourcecode.c.h; path = ProfileViewController.h; sourceTree = "<group>"; };
		2692EC7E1A76490B00C5201F /* ProfileViewController.m */ = {isa = PBXFileReference; fileEncoding = 4; lastKnownFileType = sourcecode.c.objc; path = ProfileViewController.m; sourceTree = "<group>"; };
		2692EC801A76495500C5201F /* BaseNavigationViewController.h */ = {isa = PBXFileReference; fileEncoding = 4; lastKnownFileType = sourcecode.c.h; path = BaseNavigationViewController.h; sourceTree = "<group>"; };
		2692EC811A76495500C5201F /* BaseNavigationViewController.m */ = {isa = PBXFileReference; fileEncoding = 4; lastKnownFileType = sourcecode.c.objc; path = BaseNavigationViewController.m; sourceTree = "<group>"; };
		26CD35F91A84734B0089A1D3 /* HomeList.plist */ = {isa = PBXFileReference; fileEncoding = 4; lastKnownFileType = text.plist.xml; path = HomeList.plist; sourceTree = "<group>"; };
		26CD35FB1A84B5D90089A1D3 /* NewsTableViewCell.h */ = {isa = PBXFileReference; fileEncoding = 4; lastKnownFileType = sourcecode.c.h; path = NewsTableViewCell.h; sourceTree = "<group>"; };
		26CD35FC1A84B5D90089A1D3 /* NewsTableViewCell.m */ = {isa = PBXFileReference; fileEncoding = 4; lastKnownFileType = sourcecode.c.objc; path = NewsTableViewCell.m; sourceTree = "<group>"; };
		26CD35FE1A84C1190089A1D3 /* News.h */ = {isa = PBXFileReference; fileEncoding = 4; lastKnownFileType = sourcecode.c.h; path = News.h; sourceTree = "<group>"; };
		26CD35FF1A84C1190089A1D3 /* News.m */ = {isa = PBXFileReference; fileEncoding = 4; lastKnownFileType = sourcecode.c.objc; path = News.m; sourceTree = "<group>"; };
/* End PBXFileReference section */

/* Begin PBXFrameworksBuildPhase section */
		2692EC231A762CF600C5201F /* Frameworks */ = {
			isa = PBXFrameworksBuildPhase;
			buildActionMask = 2147483647;
			files = (
				264EDDF21A8CB9C500036EC6 /* libWeChatSDK.a in Frameworks */,
				262265371A83458300904403 /* libz.dylib in Frameworks */,
				262265351A83457600904403 /* libstdc++.dylib in Frameworks */,
				262265331A83456500904403 /* CoreTelephony.framework in Frameworks */,
				262265311A83454C00904403 /* libsqlite3.dylib in Frameworks */,
				2622652F1A83453D00904403 /* CoreGraphics.framework in Frameworks */,
				2622652D1A83452D00904403 /* SystemConfiguration.framework in Frameworks */,
				2622652B1A83451B00904403 /* libiconv.dylib in Frameworks */,
				262265291A83450300904403 /* Security.framework in Frameworks */,
				261E61791A8223A6004FE10C /* libSocialQQ.a in Frameworks */,
				261E617A1A8223A6004FE10C /* TencentOpenAPI.framework in Frameworks */,
				261E617C1A8223A6004FE10C /* libSocialWechat.a in Frameworks */,
				261E61561A821FD2004FE10C /* libUMSocial_Sdk_4.2.1.a in Frameworks */,
				262265271A83219A00904403 /* libSocialSina.a in Frameworks */,
			);
			runOnlyForDeploymentPostprocessing = 0;
		};
		2692EC3C1A762CF600C5201F /* Frameworks */ = {
			isa = PBXFrameworksBuildPhase;
			buildActionMask = 2147483647;
			files = (
			);
			runOnlyForDeploymentPostprocessing = 0;
		};
/* End PBXFrameworksBuildPhase section */

/* Begin PBXGroup section */
		26021F121A80EDA40096E302 /* M6UniversalParallaxViewController */ = {
			isa = PBXGroup;
			children = (
				26021F131A80EDA40096E302 /* M6HeaderInsetTableView.h */,
				26021F141A80EDA40096E302 /* M6HeaderInsetTableView.m */,
				26021F151A80EDA40096E302 /* M6UniversalParallaxViewController.h */,
				26021F161A80EDA40096E302 /* M6UniversalParallaxViewController.m */,
				26021F171A80EDA40096E302 /* M6UniversalParallaxViewController.xib */,
			);
			path = M6UniversalParallaxViewController;
			sourceTree = "<group>";
		};
		26021F1E1A80EDBB0096E302 /* ImageEffects */ = {
			isa = PBXGroup;
			children = (
				26021F1F1A80EDBB0096E302 /* UIImage+ImageEffects.h */,
				26021F201A80EDBB0096E302 /* UIImage+ImageEffects.m */,
			);
			path = ImageEffects;
			sourceTree = "<group>";
		};
		2615C6131A78FF8E006B2497 /* imageTest */ = {
			isa = PBXGroup;
			children = (
				2615C6141A78FFA9006B2497 /* food1.png */,
				2615C6151A78FFA9006B2497 /* food2.png */,
				2615C6161A78FFA9006B2497 /* food3.png */,
				2615C6171A78FFA9006B2497 /* food4.png */,
				2615C6181A78FFA9006B2497 /* food5.png */,
				2615C6191A78FFA9006B2497 /* food6.png */,
			);
			name = imageTest;
			sourceTree = "<group>";
		};
		261E61391A821EEF004FE10C /* UmengAPI */ = {
			isa = PBXGroup;
			children = (
				261E61601A8223A6004FE10C /* UMSocial_Sdk_Extra_Frameworks */,
				261E613A1A821FD2004FE10C /* UMSocial_Sdk_4.2.1 */,
			);
			name = UmengAPI;
			sourceTree = "<group>";
		};
		261E613A1A821FD2004FE10C /* UMSocial_Sdk_4.2.1 */ = {
			isa = PBXGroup;
			children = (
				261E613B1A821FD2004FE10C /* UMSocialLocalizable.strings */,
				261E613D1A821FD2004FE10C /* Header */,
				261E61491A821FD2004FE10C /* libUMSocial_Sdk_4.2.1.a */,
				261E614A1A821FD2004FE10C /* SocialSDKXib */,
				261E61531A821FD2004FE10C /* UMSocialSDKResourcesNew.bundle */,
			);
			path = UMSocial_Sdk_4.2.1;
			sourceTree = "<group>";
		};
		261E613D1A821FD2004FE10C /* Header */ = {
			isa = PBXGroup;
			children = (
				261E613E1A821FD2004FE10C /* UMSocial.h */,
				261E613F1A821FD2004FE10C /* UMSocialAccountManager.h */,
				261E61401A821FD2004FE10C /* UMSocialBar.h */,
				261E61411A821FD2004FE10C /* UMSocialConfig.h */,
				261E61421A821FD2004FE10C /* UMSocialControllerService.h */,
				261E61431A821FD2004FE10C /* UMSocialControllerServiceComment.h */,
				261E61441A821FD2004FE10C /* UMSocialData.h */,
				261E61451A821FD2004FE10C /* UMSocialDataService.h */,
				261E61461A821FD2004FE10C /* UMSocialSnsData.h */,
				261E61471A821FD2004FE10C /* UMSocialSnsPlatformManager.h */,
				261E61481A821FD2004FE10C /* UMSocialSnsService.h */,
			);
			path = Header;
			sourceTree = "<group>";
		};
		261E614A1A821FD2004FE10C /* SocialSDKXib */ = {
			isa = PBXGroup;
			children = (
				261E614B1A821FD2004FE10C /* UMSCommentDetailController.xib */,
				261E614C1A821FD2004FE10C /* UMSCommentInputController.xib */,
				261E614D1A821FD2004FE10C /* UMSCommentInputControlleriPad.xib */,
				261E614E1A821FD2004FE10C /* UMShareEditViewController.xib */,
				261E614F1A821FD2004FE10C /* UMShareEditViewControlleriPad.xib */,
				261E61501A821FD2004FE10C /* UMSLoginViewController.xib */,
				261E61511A821FD2004FE10C /* UMSnsAccountViewController.xib */,
				261E61521A821FD2004FE10C /* UMSShareListController.xib */,
			);
			path = SocialSDKXib;
			sourceTree = "<group>";
		};
		261E61601A8223A6004FE10C /* UMSocial_Sdk_Extra_Frameworks */ = {
			isa = PBXGroup;
			children = (
				262265241A83219A00904403 /* Sina */,
				261E61611A8223A6004FE10C /* TencentOpenAPI */,
				261E61661A8223A6004FE10C /* Wechat */,
			);
			path = UMSocial_Sdk_Extra_Frameworks;
			sourceTree = "<group>";
		};
		261E61611A8223A6004FE10C /* TencentOpenAPI */ = {
			isa = PBXGroup;
			children = (
				261E61621A8223A6004FE10C /* libSocialQQ.a */,
				261E61631A8223A6004FE10C /* TencentOpenAPI.framework */,
				261E61641A8223A6004FE10C /* TencentOpenApi_IOS_Bundle.bundle */,
				261E61651A8223A6004FE10C /* UMSocialQQHandler.h */,
			);
			path = TencentOpenAPI;
			sourceTree = "<group>";
		};
		261E61661A8223A6004FE10C /* Wechat */ = {
			isa = PBXGroup;
			children = (
				264EDDEF1A8CB9C500036EC6 /* libWeChatSDK.a */,
				264EDDF01A8CB9C500036EC6 /* WXApi.h */,
				264EDDF11A8CB9C500036EC6 /* WXApiObject.h */,
				261E61671A8223A6004FE10C /* libSocialWechat.a */,
				261E61691A8223A6004FE10C /* UMSocialWechatHandler.h */,
			);
			path = Wechat;
			sourceTree = "<group>";
		};
		26220BFD1A7B8FC100FA2F25 /* MenuDetail */ = {
			isa = PBXGroup;
			children = (
				26220BFE1A7B901100FA2F25 /* MenuDetailViewController.h */,
				26220BFF1A7B901100FA2F25 /* MenuDetailViewController.m */,
			);
			name = MenuDetail;
			sourceTree = "<group>";
		};
		262265241A83219A00904403 /* Sina */ = {
			isa = PBXGroup;
			children = (
				262265251A83219A00904403 /* libSocialSina.a */,
				262265261A83219A00904403 /* UMSocialSinaHandler.h */,
			);
			path = Sina;
			sourceTree = "<group>";
		};
		262265381A83461600904403 /* Framework */ = {
			isa = PBXGroup;
			children = (
				262265361A83458300904403 /* libz.dylib */,
				262265341A83457600904403 /* libstdc++.dylib */,
				262265321A83456500904403 /* CoreTelephony.framework */,
				262265301A83454C00904403 /* libsqlite3.dylib */,
				2622652E1A83453D00904403 /* CoreGraphics.framework */,
				2622652C1A83452D00904403 /* SystemConfiguration.framework */,
				2622652A1A83451B00904403 /* libiconv.dylib */,
				262265281A83450300904403 /* Security.framework */,
			);
			name = Framework;
			sourceTree = "<group>";
		};
		26290E181A77928A001CA145 /* Model */ = {
			isa = PBXGroup;
			children = (
				26290E191A7792C3001CA145 /* SeaFood.h */,
				26290E1A1A7792C3001CA145 /* SeaFood.m */,
				26CD35FE1A84C1190089A1D3 /* News.h */,
				26CD35FF1A84C1190089A1D3 /* News.m */,
			);
			name = Model;
			sourceTree = "<group>";
		};
		2692EC1D1A762CF600C5201F = {
			isa = PBXGroup;
			children = (
				262265381A83461600904403 /* Framework */,
				2692EC281A762CF600C5201F /* MixSeafoodDemo */,
				2692EC421A762CF600C5201F /* MixSeafoodDemoTests */,
				2692EC271A762CF600C5201F /* Products */,
			);
			sourceTree = "<group>";
		};
		2692EC271A762CF600C5201F /* Products */ = {
			isa = PBXGroup;
			children = (
				2692EC261A762CF600C5201F /* MixSeafoodDemo.app */,
				2692EC3F1A762CF600C5201F /* MixSeafoodDemoTests.xctest */,
			);
			name = Products;
			sourceTree = "<group>";
		};
		2692EC281A762CF600C5201F /* MixSeafoodDemo */ = {
			isa = PBXGroup;
			children = (
				2692EC2D1A762CF600C5201F /* AppDelegate.h */,
				2692EC2E1A762CF600C5201F /* AppDelegate.m */,
				2692EC6D1A7642E900C5201F /* MainTabBarViewController.h */,
				2692EC6E1A7642E900C5201F /* MainTabBarViewController.m */,
				2692EC801A76495500C5201F /* BaseNavigationViewController.h */,
				2692EC811A76495500C5201F /* BaseNavigationViewController.m */,
				261E61391A821EEF004FE10C /* UmengAPI */,
				26021F121A80EDA40096E302 /* M6UniversalParallaxViewController */,
				26290E181A77928A001CA145 /* Model */,
				2692EC731A7646F700C5201F /* Home */,
				2692EC741A76470800C5201F /* Menu */,
				2692EC751A76477700C5201F /* Hot */,
				2692EC761A76478E00C5201F /* Profile */,
				26220BFD1A7B8FC100FA2F25 /* MenuDetail */,
				2692EC331A762CF600C5201F /* Main.storyboard */,
				2692EC361A762CF600C5201F /* Images.xcassets */,
				2692EC381A762CF600C5201F /* LaunchScreen.xib */,
				2692EC291A762CF600C5201F /* Supporting Files */,
			);
			path = MixSeafoodDemo;
			sourceTree = "<group>";
		};
		2692EC291A762CF600C5201F /* Supporting Files */ = {
			isa = PBXGroup;
			children = (
				2692EC4F1A76346F00C5201F /* images */,
				2692EC2A1A762CF600C5201F /* Info.plist */,
				2615C6111A78BF83006B2497 /* SeaFoodTest.plist */,
				26CD35F91A84734B0089A1D3 /* HomeList.plist */,
				2692EC2B1A762CF600C5201F /* main.m */,
			);
			name = "Supporting Files";
			sourceTree = "<group>";
		};
		2692EC421A762CF600C5201F /* MixSeafoodDemoTests */ = {
			isa = PBXGroup;
			children = (
				2692EC451A762CF600C5201F /* MixSeafoodDemoTests.m */,
				2692EC431A762CF600C5201F /* Supporting Files */,
			);
			path = MixSeafoodDemoTests;
			sourceTree = "<group>";
		};
		2692EC431A762CF600C5201F /* Supporting Files */ = {
			isa = PBXGroup;
			children = (
				2692EC441A762CF600C5201F /* Info.plist */,
			);
			name = "Supporting Files";
			sourceTree = "<group>";
		};
		2692EC4F1A76346F00C5201F /* images */ = {
			isa = PBXGroup;
			children = (
				2615C6131A78FF8E006B2497 /* imageTest */,
				26021F0D1A80EC940096E302 /* home1@2x.png */,
				26290E151A77912C001CA145 /* home2@2x.png */,
				26021F101A80ED580096E302 /* home3@2x.png */,
				261E61311A81CF8B004FE10C /* gradient@2x.png */,
				26290E121A773AE4001CA145 /* TabBar-BG.png */,
				2692EC541A76402A00C5201F /* edit.png */,
				2692EC551A76402A00C5201F /* mail.png */,
				2692EC561A76402A00C5201F /* home.png */,
				2692EC571A76402A00C5201F /* light.png */,
				2692EC581A76402A00C5201F /* pinpoint.png */,
				2692EC591A76402A00C5201F /* profile.png */,
				2692EC5A1A76402A00C5201F /* save.png */,
				2692EC5B1A76402A00C5201F /* settings 1.png */,
				262265221A830D0500904403 /* share@2x.png */,
				2692EC5D1A76402A00C5201F /* spinner.png */,
				2692EC5E1A76402A00C5201F /* tags.png */,
				2692EC501A76349B00C5201F /* logo1.png */,
				2692EC511A76349B00C5201F /* icon.png */,
			);
			name = images;
			sourceTree = "<group>";
		};
		2692EC731A7646F700C5201F /* Home */ = {
			isa = PBXGroup;
			children = (
				2692EC701A7646D800C5201F /* HomeViewController.h */,
				2692EC711A7646D800C5201F /* HomeViewController.m */,
				26021F1B1A80EDBB0096E302 /* FancyViewController.h */,
				26021F1C1A80EDBB0096E302 /* FancyViewController.m */,
				26021F1D1A80EDBB0096E302 /* FancyViewController.xib */,
				26CD35FB1A84B5D90089A1D3 /* NewsTableViewCell.h */,
				26CD35FC1A84B5D90089A1D3 /* NewsTableViewCell.m */,
				26021F1E1A80EDBB0096E302 /* ImageEffects */,
			);
			name = Home;
			sourceTree = "<group>";
		};
		2692EC741A76470800C5201F /* Menu */ = {
			isa = PBXGroup;
			children = (
				2692EC771A7648ED00C5201F /* MenuViewController.h */,
				2692EC781A7648ED00C5201F /* MenuViewController.m */,
			);
			name = Menu;
			sourceTree = "<group>";
		};
		2692EC751A76477700C5201F /* Hot */ = {
			isa = PBXGroup;
			children = (
				2692EC7A1A7648FD00C5201F /* HotViewController.h */,
				2692EC7B1A7648FD00C5201F /* HotViewController.m */,
				26290E1C1A7797BF001CA145 /* FoodTableViewCell.h */,
				26290E1D1A7797BF001CA145 /* FoodTableViewCell.m */,
			);
			name = Hot;
			sourceTree = "<group>";
		};
		2692EC761A76478E00C5201F /* Profile */ = {
			isa = PBXGroup;
			children = (
				2692EC7D1A76490B00C5201F /* ProfileViewController.h */,
				2692EC7E1A76490B00C5201F /* ProfileViewController.m */,
			);
			name = Profile;
			sourceTree = "<group>";
		};
/* End PBXGroup section */

/* Begin PBXNativeTarget section */
		2692EC251A762CF600C5201F /* MixSeafoodDemo */ = {
			isa = PBXNativeTarget;
			buildConfigurationList = 2692EC491A762CF600C5201F /* Build configuration list for PBXNativeTarget "MixSeafoodDemo" */;
			buildPhases = (
				2692EC221A762CF600C5201F /* Sources */,
				2692EC231A762CF600C5201F /* Frameworks */,
				2692EC241A762CF600C5201F /* Resources */,
			);
			buildRules = (
			);
			dependencies = (
			);
			name = MixSeafoodDemo;
			productName = MixSeafoodDemo;
			productReference = 2692EC261A762CF600C5201F /* MixSeafoodDemo.app */;
			productType = "com.apple.product-type.application";
		};
		2692EC3E1A762CF600C5201F /* MixSeafoodDemoTests */ = {
			isa = PBXNativeTarget;
			buildConfigurationList = 2692EC4C1A762CF600C5201F /* Build configuration list for PBXNativeTarget "MixSeafoodDemoTests" */;
			buildPhases = (
				2692EC3B1A762CF600C5201F /* Sources */,
				2692EC3C1A762CF600C5201F /* Frameworks */,
				2692EC3D1A762CF600C5201F /* Resources */,
			);
			buildRules = (
			);
			dependencies = (
				2692EC411A762CF600C5201F /* PBXTargetDependency */,
			);
			name = MixSeafoodDemoTests;
			productName = MixSeafoodDemoTests;
			productReference = 2692EC3F1A762CF600C5201F /* MixSeafoodDemoTests.xctest */;
			productType = "com.apple.product-type.bundle.unit-test";
		};
/* End PBXNativeTarget section */

/* Begin PBXProject section */
		2692EC1E1A762CF600C5201F /* Project object */ = {
			isa = PBXProject;
			attributes = {
				LastUpgradeCheck = 0610;
				ORGANIZATIONNAME = ShayneChow;
				TargetAttributes = {
					2692EC251A762CF600C5201F = {
						CreatedOnToolsVersion = 6.1.1;
					};
					2692EC3E1A762CF600C5201F = {
						CreatedOnToolsVersion = 6.1.1;
						TestTargetID = 2692EC251A762CF600C5201F;
					};
				};
			};
			buildConfigurationList = 2692EC211A762CF600C5201F /* Build configuration list for PBXProject "MixSeafoodDemo" */;
			compatibilityVersion = "Xcode 3.2";
			developmentRegion = English;
			hasScannedForEncodings = 0;
			knownRegions = (
				en,
				Base,
				"zh-Hans",
			);
			mainGroup = 2692EC1D1A762CF600C5201F;
			productRefGroup = 2692EC271A762CF600C5201F /* Products */;
			projectDirPath = "";
			projectRoot = "";
			targets = (
				2692EC251A762CF600C5201F /* MixSeafoodDemo */,
				2692EC3E1A762CF600C5201F /* MixSeafoodDemoTests */,
			);
		};
/* End PBXProject section */

/* Begin PBXResourcesBuildPhase section */
		2692EC241A762CF600C5201F /* Resources */ = {
			isa = PBXResourcesBuildPhase;
			buildActionMask = 2147483647;
			files = (
				2615C61D1A78FFA9006B2497 /* food4.png in Resources */,
				26021F111A80ED580096E302 /* home3@2x.png in Resources */,
				26021F0F1A80EC940096E302 /* home1@2x.png in Resources */,
				261E615D1A821FD2004FE10C /* UMSnsAccountViewController.xib in Resources */,
				2692EC611A76402A00C5201F /* home.png in Resources */,
				2692EC5F1A76402A00C5201F /* edit.png in Resources */,
				262265231A830D0500904403 /* share@2x.png in Resources */,
				2692EC651A76402A00C5201F /* save.png in Resources */,
				26290E131A773AE4001CA145 /* TabBar-BG.png in Resources */,
				261E615E1A821FD2004FE10C /* UMSShareListController.xib in Resources */,
				2692EC351A762CF600C5201F /* Main.storyboard in Resources */,
				2692EC631A76402A00C5201F /* pinpoint.png in Resources */,
				261E61591A821FD2004FE10C /* UMSCommentInputControlleriPad.xib in Resources */,
				2692EC531A76349B00C5201F /* icon.png in Resources */,
				2615C61C1A78FFA9006B2497 /* food3.png in Resources */,
				2615C61E1A78FFA9006B2497 /* food5.png in Resources */,
				261E615B1A821FD2004FE10C /* UMShareEditViewControlleriPad.xib in Resources */,
				261E615A1A821FD2004FE10C /* UMShareEditViewController.xib in Resources */,
				2692EC3A1A762CF600C5201F /* LaunchScreen.xib in Resources */,
				261E61571A821FD2004FE10C /* UMSCommentDetailController.xib in Resources */,
				2692EC621A76402A00C5201F /* light.png in Resources */,
				2692EC661A76402A00C5201F /* settings 1.png in Resources */,
				2692EC691A76402A00C5201F /* tags.png in Resources */,
				261E61581A821FD2004FE10C /* UMSCommentInputController.xib in Resources */,
				2615C6121A78BF83006B2497 /* SeaFoodTest.plist in Resources */,
				261E615C1A821FD2004FE10C /* UMSLoginViewController.xib in Resources */,
				26021F1A1A80EDA40096E302 /* M6UniversalParallaxViewController.xib in Resources */,
				2692EC681A76402A00C5201F /* spinner.png in Resources */,
				261E61321A81CF8B004FE10C /* gradient@2x.png in Resources */,
				2692EC521A76349B00C5201F /* logo1.png in Resources */,
				2615C61A1A78FFA9006B2497 /* food1.png in Resources */,
				261E61551A821FD2004FE10C /* UMSocialLocalizable.strings in Resources */,
				2615C61B1A78FFA9006B2497 /* food2.png in Resources */,
				26021F221A80EDBB0096E302 /* FancyViewController.xib in Resources */,
				261E615F1A821FD2004FE10C /* UMSocialSDKResourcesNew.bundle in Resources */,
				26CD35FA1A84734B0089A1D3 /* HomeList.plist in Resources */,
				2692EC641A76402A00C5201F /* profile.png in Resources */,
				26290E171A77912C001CA145 /* home2@2x.png in Resources */,
				2615C61F1A78FFA9006B2497 /* food6.png in Resources */,
				261E617B1A8223A6004FE10C /* TencentOpenApi_IOS_Bundle.bundle in Resources */,
				2692EC601A76402A00C5201F /* mail.png in Resources */,
				2692EC371A762CF600C5201F /* Images.xcassets in Resources */,
			);
			runOnlyForDeploymentPostprocessing = 0;
		};
		2692EC3D1A762CF600C5201F /* Resources */ = {
			isa = PBXResourcesBuildPhase;
			buildActionMask = 2147483647;
			files = (
			);
			runOnlyForDeploymentPostprocessing = 0;
		};
/* End PBXResourcesBuildPhase section */

/* Begin PBXSourcesBuildPhase section */
		2692EC221A762CF600C5201F /* Sources */ = {
			isa = PBXSourcesBuildPhase;
			buildActionMask = 2147483647;
			files = (
				26021F211A80EDBB0096E302 /* FancyViewController.m in Sources */,
				2692EC7C1A7648FD00C5201F /* HotViewController.m in Sources */,
				26021F191A80EDA40096E302 /* M6UniversalParallaxViewController.m in Sources */,
				26CD36001A84C1190089A1D3 /* News.m in Sources */,
				2692EC6F1A7642E900C5201F /* MainTabBarViewController.m in Sources */,
				2692EC2F1A762CF600C5201F /* AppDelegate.m in Sources */,
				2692EC821A76495500C5201F /* BaseNavigationViewController.m in Sources */,
				2692EC2C1A762CF600C5201F /* main.m in Sources */,
				26021F181A80EDA40096E302 /* M6HeaderInsetTableView.m in Sources */,
				2692EC7F1A76490B00C5201F /* ProfileViewController.m in Sources */,
				2692EC721A7646D800C5201F /* HomeViewController.m in Sources */,
				26220C001A7B901100FA2F25 /* MenuDetailViewController.m in Sources */,
				26021F231A80EDBB0096E302 /* UIImage+ImageEffects.m in Sources */,
				2692EC791A7648ED00C5201F /* MenuViewController.m in Sources */,
				26290E1B1A7792C3001CA145 /* SeaFood.m in Sources */,
				26CD35FD1A84B5D90089A1D3 /* NewsTableViewCell.m in Sources */,
				26290E1E1A7797BF001CA145 /* FoodTableViewCell.m in Sources */,
			);
			runOnlyForDeploymentPostprocessing = 0;
		};
		2692EC3B1A762CF600C5201F /* Sources */ = {
			isa = PBXSourcesBuildPhase;
			buildActionMask = 2147483647;
			files = (
				2692EC461A762CF600C5201F /* MixSeafoodDemoTests.m in Sources */,
			);
			runOnlyForDeploymentPostprocessing = 0;
		};
/* End PBXSourcesBuildPhase section */

/* Begin PBXTargetDependency section */
		2692EC411A762CF600C5201F /* PBXTargetDependency */ = {
			isa = PBXTargetDependency;
			target = 2692EC251A762CF600C5201F /* MixSeafoodDemo */;
			targetProxy = 2692EC401A762CF600C5201F /* PBXContainerItemProxy */;
		};
/* End PBXTargetDependency section */

/* Begin PBXVariantGroup section */
		261E613B1A821FD2004FE10C /* UMSocialLocalizable.strings */ = {
			isa = PBXVariantGroup;
			children = (
				261E613C1A821FD2004FE10C /* en */,
				261E61541A821FD2004FE10C /* zh-Hans */,
			);
			name = UMSocialLocalizable.strings;
			sourceTree = "<group>";
		};
		2692EC331A762CF600C5201F /* Main.storyboard */ = {
			isa = PBXVariantGroup;
			children = (
				2692EC341A762CF600C5201F /* Base */,
			);
			name = Main.storyboard;
			sourceTree = "<group>";
		};
		2692EC381A762CF600C5201F /* LaunchScreen.xib */ = {
			isa = PBXVariantGroup;
			children = (
				2692EC391A762CF600C5201F /* Base */,
			);
			name = LaunchScreen.xib;
			sourceTree = "<group>";
		};
/* End PBXVariantGroup section */

/* Begin XCBuildConfiguration section */
		2692EC471A762CF600C5201F /* Debug */ = {
			isa = XCBuildConfiguration;
			buildSettings = {
				ALWAYS_SEARCH_USER_PATHS = NO;
				CLANG_CXX_LANGUAGE_STANDARD = "gnu++0x";
				CLANG_CXX_LIBRARY = "libc++";
				CLANG_ENABLE_MODULES = YES;
				CLANG_ENABLE_OBJC_ARC = YES;
				CLANG_WARN_BOOL_CONVERSION = YES;
				CLANG_WARN_CONSTANT_CONVERSION = YES;
				CLANG_WARN_DIRECT_OBJC_ISA_USAGE = YES_ERROR;
				CLANG_WARN_EMPTY_BODY = YES;
				CLANG_WARN_ENUM_CONVERSION = YES;
				CLANG_WARN_INT_CONVERSION = YES;
				CLANG_WARN_OBJC_ROOT_CLASS = YES_ERROR;
				CLANG_WARN_UNREACHABLE_CODE = YES;
				CLANG_WARN__DUPLICATE_METHOD_MATCH = YES;
				"CODE_SIGN_IDENTITY[sdk=iphoneos*]" = "iPhone Developer";
				COPY_PHASE_STRIP = NO;
				ENABLE_STRICT_OBJC_MSGSEND = YES;
				GCC_C_LANGUAGE_STANDARD = gnu99;
				GCC_DYNAMIC_NO_PIC = NO;
				GCC_OPTIMIZATION_LEVEL = 0;
				GCC_PREPROCESSOR_DEFINITIONS = (
					"DEBUG=1",
					"$(inherited)",
				);
				GCC_SYMBOLS_PRIVATE_EXTERN = NO;
				GCC_WARN_64_TO_32_BIT_CONVERSION = YES;
				GCC_WARN_ABOUT_RETURN_TYPE = YES_ERROR;
				GCC_WARN_UNDECLARED_SELECTOR = YES;
				GCC_WARN_UNINITIALIZED_AUTOS = YES_AGGRESSIVE;
				GCC_WARN_UNUSED_FUNCTION = YES;
				GCC_WARN_UNUSED_VARIABLE = YES;
				IPHONEOS_DEPLOYMENT_TARGET = 8.1;
				MTL_ENABLE_DEBUG_INFO = YES;
				ONLY_ACTIVE_ARCH = YES;
				SDKROOT = iphoneos;
			};
			name = Debug;
		};
		2692EC481A762CF600C5201F /* Release */ = {
			isa = XCBuildConfiguration;
			buildSettings = {
				ALWAYS_SEARCH_USER_PATHS = NO;
				CLANG_CXX_LANGUAGE_STANDARD = "gnu++0x";
				CLANG_CXX_LIBRARY = "libc++";
				CLANG_ENABLE_MODULES = YES;
				CLANG_ENABLE_OBJC_ARC = YES;
				CLANG_WARN_BOOL_CONVERSION = YES;
				CLANG_WARN_CONSTANT_CONVERSION = YES;
				CLANG_WARN_DIRECT_OBJC_ISA_USAGE = YES_ERROR;
				CLANG_WARN_EMPTY_BODY = YES;
				CLANG_WARN_ENUM_CONVERSION = YES;
				CLANG_WARN_INT_CONVERSION = YES;
				CLANG_WARN_OBJC_ROOT_CLASS = YES_ERROR;
				CLANG_WARN_UNREACHABLE_CODE = YES;
				CLANG_WARN__DUPLICATE_METHOD_MATCH = YES;
				"CODE_SIGN_IDENTITY[sdk=iphoneos*]" = "iPhone Developer";
				COPY_PHASE_STRIP = YES;
				ENABLE_NS_ASSERTIONS = NO;
				ENABLE_STRICT_OBJC_MSGSEND = YES;
				GCC_C_LANGUAGE_STANDARD = gnu99;
				GCC_WARN_64_TO_32_BIT_CONVERSION = YES;
				GCC_WARN_ABOUT_RETURN_TYPE = YES_ERROR;
				GCC_WARN_UNDECLARED_SELECTOR = YES;
				GCC_WARN_UNINITIALIZED_AUTOS = YES_AGGRESSIVE;
				GCC_WARN_UNUSED_FUNCTION = YES;
				GCC_WARN_UNUSED_VARIABLE = YES;
				IPHONEOS_DEPLOYMENT_TARGET = 8.1;
				MTL_ENABLE_DEBUG_INFO = NO;
				SDKROOT = iphoneos;
				VALIDATE_PRODUCT = YES;
			};
			name = Release;
		};
		2692EC4A1A762CF600C5201F /* Debug */ = {
			isa = XCBuildConfiguration;
			buildSettings = {
				ASSETCATALOG_COMPILER_APPICON_NAME = AppIcon;
				ASSETCATALOG_COMPILER_LAUNCHIMAGE_NAME = LaunchImage;
				FRAMEWORK_SEARCH_PATHS = (
					"$(inherited)",
					"$(PROJECT_DIR)/MixSeafoodDemo/UMSocial_Sdk_Extra_Frameworks/TencentOpenAPI",
				);
				INFOPLIST_FILE = MixSeafoodDemo/Info.plist;
				LD_RUNPATH_SEARCH_PATHS = "$(inherited) @executable_path/Frameworks";
				LIBRARY_SEARCH_PATHS = (
					"$(inherited)",
					"$(PROJECT_DIR)/MixSeafoodDemo/UMSocial_Sdk_4.2.1",
					"$(PROJECT_DIR)/MixSeafoodDemo/UMSocial_Sdk_Extra_Frameworks/TencentOpenAPI",
					"$(PROJECT_DIR)/MixSeafoodDemo/UMSocial_Sdk_Extra_Frameworks/Wechat",
					"$(PROJECT_DIR)/MixSeafoodDemo/UMSocial_Sdk_Extra_Frameworks/Sina",
				);
				PRODUCT_NAME = "$(TARGET_NAME)";
			};
			name = Debug;
		};
		2692EC4B1A762CF600C5201F /* Release */ = {
			isa = XCBuildConfiguration;
			buildSettings = {
				ASSETCATALOG_COMPILER_APPICON_NAME = AppIcon;
				ASSETCATALOG_COMPILER_LAUNCHIMAGE_NAME = LaunchImage;
				FRAMEWORK_SEARCH_PATHS = (
					"$(inherited)",
					"$(PROJECT_DIR)/MixSeafoodDemo/UMSocial_Sdk_Extra_Frameworks/TencentOpenAPI",
				);
				INFOPLIST_FILE = MixSeafoodDemo/Info.plist;
				LD_RUNPATH_SEARCH_PATHS = "$(inherited) @executable_path/Frameworks";
				LIBRARY_SEARCH_PATHS = (
					"$(inherited)",
					"$(PROJECT_DIR)/MixSeafoodDemo/UMSocial_Sdk_4.2.1",
					"$(PROJECT_DIR)/MixSeafoodDemo/UMSocial_Sdk_Extra_Frameworks/TencentOpenAPI",
					"$(PROJECT_DIR)/MixSeafoodDemo/UMSocial_Sdk_Extra_Frameworks/Wechat",
					"$(PROJECT_DIR)/MixSeafoodDemo/UMSocial_Sdk_Extra_Frameworks/Sina",
				);
				PRODUCT_NAME = "$(TARGET_NAME)";
			};
			name = Release;
		};
		2692EC4D1A762CF600C5201F /* Debug */ = {
			isa = XCBuildConfiguration;
			buildSettings = {
				BUNDLE_LOADER = "$(TEST_HOST)";
				FRAMEWORK_SEARCH_PATHS = (
					"$(SDKROOT)/Developer/Library/Frameworks",
					"$(inherited)",
				);
				GCC_PREPROCESSOR_DEFINITIONS = (
					"DEBUG=1",
					"$(inherited)",
				);
				INFOPLIST_FILE = MixSeafoodDemoTests/Info.plist;
				LD_RUNPATH_SEARCH_PATHS = "$(inherited) @executable_path/Frameworks @loader_path/Frameworks";
				PRODUCT_NAME = "$(TARGET_NAME)";
				TEST_HOST = "$(BUILT_PRODUCTS_DIR)/MixSeafoodDemo.app/MixSeafoodDemo";
			};
			name = Debug;
		};
		2692EC4E1A762CF600C5201F /* Release */ = {
			isa = XCBuildConfiguration;
			buildSettings = {
				BUNDLE_LOADER = "$(TEST_HOST)";
				FRAMEWORK_SEARCH_PATHS = (
					"$(SDKROOT)/Developer/Library/Frameworks",
					"$(inherited)",
				);
				INFOPLIST_FILE = MixSeafoodDemoTests/Info.plist;
				LD_RUNPATH_SEARCH_PATHS = "$(inherited) @executable_path/Frameworks @loader_path/Frameworks";
				PRODUCT_NAME = "$(TARGET_NAME)";
				TEST_HOST = "$(BUILT_PRODUCTS_DIR)/MixSeafoodDemo.app/MixSeafoodDemo";
			};
			name = Release;
		};
/* End XCBuildConfiguration section */

/* Begin XCConfigurationList section */
		2692EC211A762CF600C5201F /* Build configuration list for PBXProject "MixSeafoodDemo" */ = {
			isa = XCConfigurationList;
			buildConfigurations = (
				2692EC471A762CF600C5201F /* Debug */,
				2692EC481A762CF600C5201F /* Release */,
			);
			defaultConfigurationIsVisible = 0;
			defaultConfigurationName = Release;
		};
		2692EC491A762CF600C5201F /* Build configuration list for PBXNativeTarget "MixSeafoodDemo" */ = {
			isa = XCConfigurationList;
			buildConfigurations = (
				2692EC4A1A762CF600C5201F /* Debug */,
				2692EC4B1A762CF600C5201F /* Release */,
			);
			defaultConfigurationIsVisible = 0;
			defaultConfigurationName = Release;
		};
		2692EC4C1A762CF600C5201F /* Build configuration list for PBXNativeTarget "MixSeafoodDemoTests" */ = {
			isa = XCConfigurationList;
			buildConfigurations = (
				2692EC4D1A762CF600C5201F /* Debug */,
				2692EC4E1A762CF600C5201F /* Release */,
			);
			defaultConfigurationIsVisible = 0;
			defaultConfigurationName = Release;
		};
/* End XCConfigurationList section */
	};
	rootObject = 2692EC1E1A762CF600C5201F /* Project object */;
}
