// !$*UTF8*$!
{
	archiveVersion = 1;
	classes = {
	};
	objectVersion = 46;
	objects = {

/* Begin PBXBuildFile section */
		2692EC2C1A762CF600C5201F /* main.m in Sources */ = {isa = PBXBuildFile; fileRef = 2692EC2B1A762CF600C5201F /* main.m */; };
		2692EC2F1A762CF600C5201F /* AppDelegate.m in Sources */ = {isa = PBXBuildFile; fileRef = 2692EC2E1A762CF600C5201F /* AppDelegate.m */; };
		2692EC351A762CF600C5201F /* Main.storyboard in Resources */ = {isa = PBXBuildFile; fileRef = 2692EC331A762CF600C5201F /* Main.storyboard */; };
		2692EC371A762CF600C5201F /* Images.xcassets in Resources */ = {isa = PBXBuildFile; fileRef = 2692EC361A762CF600C5201F /* Images.xcassets */; };
		2692EC3A1A762CF600C5201F /* LaunchScreen.xib in Resources */ = {isa = PBXBuildFile; fileRef = 2692EC381A762CF600C5201F /* LaunchScreen.xib */; };
		2692EC461A762CF600C5201F /* MixSeafoodDemoTests.m in Sources */ = {isa = PBXBuildFile; fileRef = 2692EC451A762CF600C5201F /* MixSeafoodDemoTests.m */; };
		2692EC521A76349B00C5201F /* logo1.png in Resources */ = {isa = PBXBuildFile; fileRef = 2692EC501A76349B00C5201F /* logo1.png */; };
		2692EC531A76349B00C5201F /* icon.png in Resources */ = {isa = PBXBuildFile; fileRef = 2692EC511A76349B00C5201F /* icon.png */; };
		2692EC5F1A76402A00C5201F /* edit.png in Resources */ = {isa = PBXBuildFile; fileRef = 2692EC541A76402A00C5201F /* edit.png */; };
		2692EC601A76402A00C5201F /* mail.png in Resources */ = {isa = PBXBuildFile; fileRef = 2692EC551A76402A00C5201F /* mail.png */; };
		2692EC611A76402A00C5201F /* home.png in Resources */ = {isa = PBXBuildFile; fileRef = 2692EC561A76402A00C5201F /* home.png */; };
		2692EC621A76402A00C5201F /* light.png in Resources */ = {isa = PBXBuildFile; fileRef = 2692EC571A76402A00C5201F /* light.png */; };
		2692EC631A76402A00C5201F /* pinpoint.png in Resources */ = {isa = PBXBuildFile; fileRef = 2692EC581A76402A00C5201F /* pinpoint.png */; };
		2692EC641A76402A00C5201F /* profile.png in Resources */ = {isa = PBXBuildFile; fileRef = 2692EC591A76402A00C5201F /* profile.png */; };
		2692EC651A76402A00C5201F /* save.png in Resources */ = {isa = PBXBuildFile; fileRef = 2692EC5A1A76402A00C5201F /* save.png */; };
		2692EC661A76402A00C5201F /* settings 1.png in Resources */ = {isa = PBXBuildFile; fileRef = 2692EC5B1A76402A00C5201F /* settings 1.png */; };
		2692EC671A76402A00C5201F /* share.png in Resources */ = {isa = PBXBuildFile; fileRef = 2692EC5C1A76402A00C5201F /* share.png */; };
		2692EC681A76402A00C5201F /* spinner.png in Resources */ = {isa = PBXBuildFile; fileRef = 2692EC5D1A76402A00C5201F /* spinner.png */; };
		2692EC691A76402A00C5201F /* tags.png in Resources */ = {isa = PBXBuildFile; fileRef = 2692EC5E1A76402A00C5201F /* tags.png */; };
		2692EC6F1A7642E900C5201F /* MainTabBarViewController.m in Sources */ = {isa = PBXBuildFile; fileRef = 2692EC6E1A7642E900C5201F /* MainTabBarViewController.m */; };
		2692EC721A7646D800C5201F /* HomeViewController.m in Sources */ = {isa = PBXBuildFile; fileRef = 2692EC711A7646D800C5201F /* HomeViewController.m */; };
		2692EC791A7648ED00C5201F /* MenuViewController.m in Sources */ = {isa = PBXBuildFile; fileRef = 2692EC781A7648ED00C5201F /* MenuViewController.m */; };
		2692EC7C1A7648FD00C5201F /* HotViewController.m in Sources */ = {isa = PBXBuildFile; fileRef = 2692EC7B1A7648FD00C5201F /* HotViewController.m */; };
		2692EC7F1A76490B00C5201F /* ProfileViewController.m in Sources */ = {isa = PBXBuildFile; fileRef = 2692EC7E1A76490B00C5201F /* ProfileViewController.m */; };
		2692EC821A76495500C5201F /* BaseNavigationViewController.m in Sources */ = {isa = PBXBuildFile; fileRef = 2692EC811A76495500C5201F /* BaseNavigationViewController.m */; };
/* End PBXBuildFile section */

/* Begin PBXContainerItemProxy section */
		2692EC401A762CF600C5201F /* PBXContainerItemProxy */ = {
			isa = PBXContainerItemProxy;
			containerPortal = 2692EC1E1A762CF600C5201F /* Project object */;
			proxyType = 1;
			remoteGlobalIDString = 2692EC251A762CF600C5201F;
			remoteInfo = MixSeafoodDemo;
		};
/* End PBXContainerItemProxy section */

/* Begin PBXFileReference section */
		2692EC261A762CF600C5201F /* MixSeafoodDemo.app */ = {isa = PBXFileReference; explicitFileType = wrapper.application; includeInIndex = 0; path = MixSeafoodDemo.app; sourceTree = BUILT_PRODUCTS_DIR; };
		2692EC2A1A762CF600C5201F /* Info.plist */ = {isa = PBXFileReference; lastKnownFileType = text.plist.xml; path = Info.plist; sourceTree = "<group>"; };
		2692EC2B1A762CF600C5201F /* main.m */ = {isa = PBXFileReference; lastKnownFileType = sourcecode.c.objc; path = main.m; sourceTree = "<group>"; };
		2692EC2D1A762CF600C5201F /* AppDelegate.h */ = {isa = PBXFileReference; lastKnownFileType = sourcecode.c.h; path = AppDelegate.h; sourceTree = "<group>"; };
		2692EC2E1A762CF600C5201F /* AppDelegate.m */ = {isa = PBXFileReference; lastKnownFileType = sourcecode.c.objc; path = AppDelegate.m; sourceTree = "<group>"; };
		2692EC341A762CF600C5201F /* Base */ = {isa = PBXFileReference; lastKnownFileType = file.storyboard; name = Base; path = Base.lproj/Main.storyboard; sourceTree = "<group>"; };
		2692EC361A762CF600C5201F /* Images.xcassets */ = {isa = PBXFileReference; lastKnownFileType = folder.assetcatalog; path = Images.xcassets; sourceTree = "<group>"; };
		2692EC391A762CF600C5201F /* Base */ = {isa = PBXFileReference; lastKnownFileType = file.xib; name = Base; path = Base.lproj/LaunchScreen.xib; sourceTree = "<group>"; };
		2692EC3F1A762CF600C5201F /* MixSeafoodDemoTests.xctest */ = {isa = PBXFileReference; explicitFileType = wrapper.cfbundle; includeInIndex = 0; path = MixSeafoodDemoTests.xctest; sourceTree = BUILT_PRODUCTS_DIR; };
		2692EC441A762CF600C5201F /* Info.plist */ = {isa = PBXFileReference; lastKnownFileType = text.plist.xml; path = Info.plist; sourceTree = "<group>"; };
		2692EC451A762CF600C5201F /* MixSeafoodDemoTests.m */ = {isa = PBXFileReference; lastKnownFileType = sourcecode.c.objc; path = MixSeafoodDemoTests.m; sourceTree = "<group>"; };
		2692EC501A76349B00C5201F /* logo1.png */ = {isa = PBXFileReference; lastKnownFileType = image.png; path = logo1.png; sourceTree = "<group>"; };
		2692EC511A76349B00C5201F /* icon.png */ = {isa = PBXFileReference; lastKnownFileType = image.png; path = icon.png; sourceTree = "<group>"; };
		2692EC541A76402A00C5201F /* edit.png */ = {isa = PBXFileReference; lastKnownFileType = image.png; path = edit.png; sourceTree = "<group>"; };
		2692EC551A76402A00C5201F /* mail.png */ = {isa = PBXFileReference; lastKnownFileType = image.png; path = mail.png; sourceTree = "<group>"; };
		2692EC561A76402A00C5201F /* home.png */ = {isa = PBXFileReference; lastKnownFileType = image.png; path = home.png; sourceTree = "<group>"; };
		2692EC571A76402A00C5201F /* light.png */ = {isa = PBXFileReference; lastKnownFileType = image.png; path = light.png; sourceTree = "<group>"; };
		2692EC581A76402A00C5201F /* pinpoint.png */ = {isa = PBXFileReference; lastKnownFileType = image.png; path = pinpoint.png; sourceTree = "<group>"; };
		2692EC591A76402A00C5201F /* profile.png */ = {isa = PBXFileReference; lastKnownFileType = image.png; path = profile.png; sourceTree = "<group>"; };
		2692EC5A1A76402A00C5201F /* save.png */ = {isa = PBXFileReference; lastKnownFileType = image.png; path = save.png; sourceTree = "<group>"; };
		2692EC5B1A76402A00C5201F /* settings 1.png */ = {isa = PBXFileReference; lastKnownFileType = image.png; path = "settings 1.png"; sourceTree = "<group>"; };
		2692EC5C1A76402A00C5201F /* share.png */ = {isa = PBXFileReference; lastKnownFileType = image.png; path = share.png; sourceTree = "<group>"; };
		2692EC5D1A76402A00C5201F /* spinner.png */ = {isa = PBXFileReference; lastKnownFileType = image.png; path = spinner.png; sourceTree = "<group>"; };
		2692EC5E1A76402A00C5201F /* tags.png */ = {isa = PBXFileReference; lastKnownFileType = image.png; path = tags.png; sourceTree = "<group>"; };
		2692EC6D1A7642E900C5201F /* MainTabBarViewController.h */ = {isa = PBXFileReference; fileEncoding = 4; lastKnownFileType = sourcecode.c.h; path = MainTabBarViewController.h; sourceTree = "<group>"; };
		2692EC6E1A7642E900C5201F /* MainTabBarViewController.m */ = {isa = PBXFileReference; fileEncoding = 4; lastKnownFileType = sourcecode.c.objc; path = MainTabBarViewController.m; sourceTree = "<group>"; };
		2692EC701A7646D800C5201F /* HomeViewController.h */ = {isa = PBXFileReference; fileEncoding = 4; lastKnownFileType = sourcecode.c.h; path = HomeViewController.h; sourceTree = "<group>"; };
		2692EC711A7646D800C5201F /* HomeViewController.m */ = {isa = PBXFileReference; fileEncoding = 4; lastKnownFileType = sourcecode.c.objc; path = HomeViewController.m; sourceTree = "<group>"; };
		2692EC771A7648ED00C5201F /* MenuViewController.h */ = {isa = PBXFileReference; fileEncoding = 4; lastKnownFileType = sourcecode.c.h; path = MenuViewController.h; sourceTree = "<group>"; };
		2692EC781A7648ED00C5201F /* MenuViewController.m */ = {isa = PBXFileReference; fileEncoding = 4; lastKnownFileType = sourcecode.c.objc; path = MenuViewController.m; sourceTree = "<group>"; };
		2692EC7A1A7648FD00C5201F /* HotViewController.h */ = {isa = PBXFileReference; fileEncoding = 4; lastKnownFileType = sourcecode.c.h; path = HotViewController.h; sourceTree = "<group>"; };
		2692EC7B1A7648FD00C5201F /* HotViewController.m */ = {isa = PBXFileReference; fileEncoding = 4; lastKnownFileType = sourcecode.c.objc; path = HotViewController.m; sourceTree = "<group>"; };
		2692EC7D1A76490B00C5201F /* ProfileViewController.h */ = {isa = PBXFileReference; fileEncoding = 4; lastKnownFileType = sourcecode.c.h; path = ProfileViewController.h; sourceTree = "<group>"; };
		2692EC7E1A76490B00C5201F /* ProfileViewController.m */ = {isa = PBXFileReference; fileEncoding = 4; lastKnownFileType = sourcecode.c.objc; path = ProfileViewController.m; sourceTree = "<group>"; };
		2692EC801A76495500C5201F /* BaseNavigationViewController.h */ = {isa = PBXFileReference; fileEncoding = 4; lastKnownFileType = sourcecode.c.h; path = BaseNavigationViewController.h; sourceTree = "<group>"; };
		2692EC811A76495500C5201F /* BaseNavigationViewController.m */ = {isa = PBXFileReference; fileEncoding = 4; lastKnownFileType = sourcecode.c.objc; path = BaseNavigationViewController.m; sourceTree = "<group>"; };
/* End PBXFileReference section */

/* Begin PBXFrameworksBuildPhase section */
		2692EC231A762CF600C5201F /* Frameworks */ = {
			isa = PBXFrameworksBuildPhase;
			buildActionMask = 2147483647;
			files = (
			);
			runOnlyForDeploymentPostprocessing = 0;
		};
		2692EC3C1A762CF600C5201F /* Frameworks */ = {
			isa = PBXFrameworksBuildPhase;
			buildActionMask = 2147483647;
			files = (
			);
			runOnlyForDeploymentPostprocessing = 0;
		};
/* End PBXFrameworksBuildPhase section */

/* Begin PBXGroup section */
		2692EC1D1A762CF600C5201F = {
			isa = PBXGroup;
			children = (
				2692EC281A762CF600C5201F /* MixSeafoodDemo */,
				2692EC421A762CF600C5201F /* MixSeafoodDemoTests */,
				2692EC271A762CF600C5201F /* Products */,
			);
			sourceTree = "<group>";
		};
		2692EC271A762CF600C5201F /* Products */ = {
			isa = PBXGroup;
			children = (
				2692EC261A762CF600C5201F /* MixSeafoodDemo.app */,
				2692EC3F1A762CF600C5201F /* MixSeafoodDemoTests.xctest */,
			);
			name = Products;
			sourceTree = "<group>";
		};
		2692EC281A762CF600C5201F /* MixSeafoodDemo */ = {
			isa = PBXGroup;
			children = (
				2692EC2D1A762CF600C5201F /* AppDelegate.h */,
				2692EC2E1A762CF600C5201F /* AppDelegate.m */,
				2692EC6D1A7642E900C5201F /* MainTabBarViewController.h */,
				2692EC6E1A7642E900C5201F /* MainTabBarViewController.m */,
				2692EC801A76495500C5201F /* BaseNavigationViewController.h */,
				2692EC811A76495500C5201F /* BaseNavigationViewController.m */,
				2692EC731A7646F700C5201F /* Home */,
				2692EC741A76470800C5201F /* Menu */,
				2692EC751A76477700C5201F /* Hot */,
				2692EC761A76478E00C5201F /* Profile */,
				2692EC331A762CF600C5201F /* Main.storyboard */,
				2692EC361A762CF600C5201F /* Images.xcassets */,
				2692EC381A762CF600C5201F /* LaunchScreen.xib */,
				2692EC291A762CF600C5201F /* Supporting Files */,
			);
			path = MixSeafoodDemo;
			sourceTree = "<group>";
		};
		2692EC291A762CF600C5201F /* Supporting Files */ = {
			isa = PBXGroup;
			children = (
				2692EC4F1A76346F00C5201F /* images */,
				2692EC2A1A762CF600C5201F /* Info.plist */,
				2692EC2B1A762CF600C5201F /* main.m */,
			);
			name = "Supporting Files";
			sourceTree = "<group>";
		};
		2692EC421A762CF600C5201F /* MixSeafoodDemoTests */ = {
			isa = PBXGroup;
			children = (
				2692EC451A762CF600C5201F /* MixSeafoodDemoTests.m */,
				2692EC431A762CF600C5201F /* Supporting Files */,
			);
			path = MixSeafoodDemoTests;
			sourceTree = "<group>";
		};
		2692EC431A762CF600C5201F /* Supporting Files */ = {
			isa = PBXGroup;
			children = (
				2692EC441A762CF600C5201F /* Info.plist */,
			);
			name = "Supporting Files";
			sourceTree = "<group>";
		};
		2692EC4F1A76346F00C5201F /* images */ = {
			isa = PBXGroup;
			children = (
				2692EC541A76402A00C5201F /* edit.png */,
				2692EC551A76402A00C5201F /* mail.png */,
				2692EC561A76402A00C5201F /* home.png */,
				2692EC571A76402A00C5201F /* light.png */,
				2692EC581A76402A00C5201F /* pinpoint.png */,
				2692EC591A76402A00C5201F /* profile.png */,
				2692EC5A1A76402A00C5201F /* save.png */,
				2692EC5B1A76402A00C5201F /* settings 1.png */,
				2692EC5C1A76402A00C5201F /* share.png */,
				2692EC5D1A76402A00C5201F /* spinner.png */,
				2692EC5E1A76402A00C5201F /* tags.png */,
				2692EC501A76349B00C5201F /* logo1.png */,
				2692EC511A76349B00C5201F /* icon.png */,
			);
			name = images;
			sourceTree = "<group>";
		};
		2692EC731A7646F700C5201F /* Home */ = {
			isa = PBXGroup;
			children = (
				2692EC701A7646D800C5201F /* HomeViewController.h */,
				2692EC711A7646D800C5201F /* HomeViewController.m */,
			);
			name = Home;
			sourceTree = "<group>";
		};
		2692EC741A76470800C5201F /* Menu */ = {
			isa = PBXGroup;
			children = (
				2692EC771A7648ED00C5201F /* MenuViewController.h */,
				2692EC781A7648ED00C5201F /* MenuViewController.m */,
			);
			name = Menu;
			sourceTree = "<group>";
		};
		2692EC751A76477700C5201F /* Hot */ = {
			isa = PBXGroup;
			children = (
				2692EC7A1A7648FD00C5201F /* HotViewController.h */,
				2692EC7B1A7648FD00C5201F /* HotViewController.m */,
			);
			name = Hot;
			sourceTree = "<group>";
		};
		2692EC761A76478E00C5201F /* Profile */ = {
			isa = PBXGroup;
			children = (
				2692EC7D1A76490B00C5201F /* ProfileViewController.h */,
				2692EC7E1A76490B00C5201F /* ProfileViewController.m */,
			);
			name = Profile;
			sourceTree = "<group>";
		};
/* End PBXGroup section */

/* Begin PBXNativeTarget section */
		2692EC251A762CF600C5201F /* MixSeafoodDemo */ = {
			isa = PBXNativeTarget;
			buildConfigurationList = 2692EC491A762CF600C5201F /* Build configuration list for PBXNativeTarget "MixSeafoodDemo" */;
			buildPhases = (
				2692EC221A762CF600C5201F /* Sources */,
				2692EC231A762CF600C5201F /* Frameworks */,
				2692EC241A762CF600C5201F /* Resources */,
			);
			buildRules = (
			);
			dependencies = (
			);
			name = MixSeafoodDemo;
			productName = MixSeafoodDemo;
			productReference = 2692EC261A762CF600C5201F /* MixSeafoodDemo.app */;
			productType = "com.apple.product-type.application";
		};
		2692EC3E1A762CF600C5201F /* MixSeafoodDemoTests */ = {
			isa = PBXNativeTarget;
			buildConfigurationList = 2692EC4C1A762CF600C5201F /* Build configuration list for PBXNativeTarget "MixSeafoodDemoTests" */;
			buildPhases = (
				2692EC3B1A762CF600C5201F /* Sources */,
				2692EC3C1A762CF600C5201F /* Frameworks */,
				2692EC3D1A762CF600C5201F /* Resources */,
			);
			buildRules = (
			);
			dependencies = (
				2692EC411A762CF600C5201F /* PBXTargetDependency */,
			);
			name = MixSeafoodDemoTests;
			productName = MixSeafoodDemoTests;
			productReference = 2692EC3F1A762CF600C5201F /* MixSeafoodDemoTests.xctest */;
			productType = "com.apple.product-type.bundle.unit-test";
		};
/* End PBXNativeTarget section */

/* Begin PBXProject section */
		2692EC1E1A762CF600C5201F /* Project object */ = {
			isa = PBXProject;
			attributes = {
				LastUpgradeCheck = 0610;
				ORGANIZATIONNAME = ShayneChow;
				TargetAttributes = {
					2692EC251A762CF600C5201F = {
						CreatedOnToolsVersion = 6.1.1;
					};
					2692EC3E1A762CF600C5201F = {
						CreatedOnToolsVersion = 6.1.1;
						TestTargetID = 2692EC251A762CF600C5201F;
					};
				};
			};
			buildConfigurationList = 2692EC211A762CF600C5201F /* Build configuration list for PBXProject "MixSeafoodDemo" */;
			compatibilityVersion = "Xcode 3.2";
			developmentRegion = English;
			hasScannedForEncodings = 0;
			knownRegions = (
				en,
				Base,
			);
			mainGroup = 2692EC1D1A762CF600C5201F;
			productRefGroup = 2692EC271A762CF600C5201F /* Products */;
			projectDirPath = "";
			projectRoot = "";
			targets = (
				2692EC251A762CF600C5201F /* MixSeafoodDemo */,
				2692EC3E1A762CF600C5201F /* MixSeafoodDemoTests */,
			);
		};
/* End PBXProject section */

/* Begin PBXResourcesBuildPhase section */
		2692EC241A762CF600C5201F /* Resources */ = {
			isa = PBXResourcesBuildPhase;
			buildActionMask = 2147483647;
			files = (
				2692EC611A76402A00C5201F /* home.png in Resources */,
				2692EC5F1A76402A00C5201F /* edit.png in Resources */,
				2692EC651A76402A00C5201F /* save.png in Resources */,
				2692EC671A76402A00C5201F /* share.png in Resources */,
				2692EC351A762CF600C5201F /* Main.storyboard in Resources */,
				2692EC631A76402A00C5201F /* pinpoint.png in Resources */,
				2692EC531A76349B00C5201F /* icon.png in Resources */,
				2692EC3A1A762CF600C5201F /* LaunchScreen.xib in Resources */,
				2692EC621A76402A00C5201F /* light.png in Resources */,
				2692EC661A76402A00C5201F /* settings 1.png in Resources */,
				2692EC691A76402A00C5201F /* tags.png in Resources */,
				2692EC681A76402A00C5201F /* spinner.png in Resources */,
				2692EC521A76349B00C5201F /* logo1.png in Resources */,
				2692EC641A76402A00C5201F /* profile.png in Resources */,
				2692EC601A76402A00C5201F /* mail.png in Resources */,
				2692EC371A762CF600C5201F /* Images.xcassets in Resources */,
			);
			runOnlyForDeploymentPostprocessing = 0;
		};
		2692EC3D1A762CF600C5201F /* Resources */ = {
			isa = PBXResourcesBuildPhase;
			buildActionMask = 2147483647;
			files = (
			);
			runOnlyForDeploymentPostprocessing = 0;
		};
/* End PBXResourcesBuildPhase section */

/* Begin PBXSourcesBuildPhase section */
		2692EC221A762CF600C5201F /* Sources */ = {
			isa = PBXSourcesBuildPhase;
			buildActionMask = 2147483647;
			files = (
				2692EC7C1A7648FD00C5201F /* HotViewController.m in Sources */,
				2692EC6F1A7642E900C5201F /* MainTabBarViewController.m in Sources */,
				2692EC2F1A762CF600C5201F /* AppDelegate.m in Sources */,
				2692EC821A76495500C5201F /* BaseNavigationViewController.m in Sources */,
				2692EC2C1A762CF600C5201F /* main.m in Sources */,
				2692EC7F1A76490B00C5201F /* ProfileViewController.m in Sources */,
				2692EC721A7646D800C5201F /* HomeViewController.m in Sources */,
				2692EC791A7648ED00C5201F /* MenuViewController.m in Sources */,
			);
			runOnlyForDeploymentPostprocessing = 0;
		};
		2692EC3B1A762CF600C5201F /* Sources */ = {
			isa = PBXSourcesBuildPhase;
			buildActionMask = 2147483647;
			files = (
				2692EC461A762CF600C5201F /* MixSeafoodDemoTests.m in Sources */,
			);
			runOnlyForDeploymentPostprocessing = 0;
		};
/* End PBXSourcesBuildPhase section */

/* Begin PBXTargetDependency section */
		2692EC411A762CF600C5201F /* PBXTargetDependency */ = {
			isa = PBXTargetDependency;
			target = 2692EC251A762CF600C5201F /* MixSeafoodDemo */;
			targetProxy = 2692EC401A762CF600C5201F /* PBXContainerItemProxy */;
		};
/* End PBXTargetDependency section */

/* Begin PBXVariantGroup section */
		2692EC331A762CF600C5201F /* Main.storyboard */ = {
			isa = PBXVariantGroup;
			children = (
				2692EC341A762CF600C5201F /* Base */,
			);
			name = Main.storyboard;
			sourceTree = "<group>";
		};
		2692EC381A762CF600C5201F /* LaunchScreen.xib */ = {
			isa = PBXVariantGroup;
			children = (
				2692EC391A762CF600C5201F /* Base */,
			);
			name = LaunchScreen.xib;
			sourceTree = "<group>";
		};
/* End PBXVariantGroup section */

/* Begin XCBuildConfiguration section */
		2692EC471A762CF600C5201F /* Debug */ = {
			isa = XCBuildConfiguration;
			buildSettings = {
				ALWAYS_SEARCH_USER_PATHS = NO;
				CLANG_CXX_LANGUAGE_STANDARD = "gnu++0x";
				CLANG_CXX_LIBRARY = "libc++";
				CLANG_ENABLE_MODULES = YES;
				CLANG_ENABLE_OBJC_ARC = YES;
				CLANG_WARN_BOOL_CONVERSION = YES;
				CLANG_WARN_CONSTANT_CONVERSION = YES;
				CLANG_WARN_DIRECT_OBJC_ISA_USAGE = YES_ERROR;
				CLANG_WARN_EMPTY_BODY = YES;
				CLANG_WARN_ENUM_CONVERSION = YES;
				CLANG_WARN_INT_CONVERSION = YES;
				CLANG_WARN_OBJC_ROOT_CLASS = YES_ERROR;
				CLANG_WARN_UNREACHABLE_CODE = YES;
				CLANG_WARN__DUPLICATE_METHOD_MATCH = YES;
				"CODE_SIGN_IDENTITY[sdk=iphoneos*]" = "iPhone Developer";
				COPY_PHASE_STRIP = NO;
				ENABLE_STRICT_OBJC_MSGSEND = YES;
				GCC_C_LANGUAGE_STANDARD = gnu99;
				GCC_DYNAMIC_NO_PIC = NO;
				GCC_OPTIMIZATION_LEVEL = 0;
				GCC_PREPROCESSOR_DEFINITIONS = (
					"DEBUG=1",
					"$(inherited)",
				);
				GCC_SYMBOLS_PRIVATE_EXTERN = NO;
				GCC_WARN_64_TO_32_BIT_CONVERSION = YES;
				GCC_WARN_ABOUT_RETURN_TYPE = YES_ERROR;
				GCC_WARN_UNDECLARED_SELECTOR = YES;
				GCC_WARN_UNINITIALIZED_AUTOS = YES_AGGRESSIVE;
				GCC_WARN_UNUSED_FUNCTION = YES;
				GCC_WARN_UNUSED_VARIABLE = YES;
				IPHONEOS_DEPLOYMENT_TARGET = 8.1;
				MTL_ENABLE_DEBUG_INFO = YES;
				ONLY_ACTIVE_ARCH = YES;
				SDKROOT = iphoneos;
			};
			name = Debug;
		};
		2692EC481A762CF600C5201F /* Release */ = {
			isa = XCBuildConfiguration;
			buildSettings = {
				ALWAYS_SEARCH_USER_PATHS = NO;
				CLANG_CXX_LANGUAGE_STANDARD = "gnu++0x";
				CLANG_CXX_LIBRARY = "libc++";
				CLANG_ENABLE_MODULES = YES;
				CLANG_ENABLE_OBJC_ARC = YES;
				CLANG_WARN_BOOL_CONVERSION = YES;
				CLANG_WARN_CONSTANT_CONVERSION = YES;
				CLANG_WARN_DIRECT_OBJC_ISA_USAGE = YES_ERROR;
				CLANG_WARN_EMPTY_BODY = YES;
				CLANG_WARN_ENUM_CONVERSION = YES;
				CLANG_WARN_INT_CONVERSION = YES;
				CLANG_WARN_OBJC_ROOT_CLASS = YES_ERROR;
				CLANG_WARN_UNREACHABLE_CODE = YES;
				CLANG_WARN__DUPLICATE_METHOD_MATCH = YES;
				"CODE_SIGN_IDENTITY[sdk=iphoneos*]" = "iPhone Developer";
				COPY_PHASE_STRIP = YES;
				ENABLE_NS_ASSERTIONS = NO;
				ENABLE_STRICT_OBJC_MSGSEND = YES;
				GCC_C_LANGUAGE_STANDARD = gnu99;
				GCC_WARN_64_TO_32_BIT_CONVERSION = YES;
				GCC_WARN_ABOUT_RETURN_TYPE = YES_ERROR;
				GCC_WARN_UNDECLARED_SELECTOR = YES;
				GCC_WARN_UNINITIALIZED_AUTOS = YES_AGGRESSIVE;
				GCC_WARN_UNUSED_FUNCTION = YES;
				GCC_WARN_UNUSED_VARIABLE = YES;
				IPHONEOS_DEPLOYMENT_TARGET = 8.1;
				MTL_ENABLE_DEBUG_INFO = NO;
				SDKROOT = iphoneos;
				VALIDATE_PRODUCT = YES;
			};
			name = Release;
		};
		2692EC4A1A762CF600C5201F /* Debug */ = {
			isa = XCBuildConfiguration;
			buildSettings = {
				ASSETCATALOG_COMPILER_APPICON_NAME = AppIcon;
				ASSETCATALOG_COMPILER_LAUNCHIMAGE_NAME = LaunchImage;
				INFOPLIST_FILE = MixSeafoodDemo/Info.plist;
				LD_RUNPATH_SEARCH_PATHS = "$(inherited) @executable_path/Frameworks";
				PRODUCT_NAME = "$(TARGET_NAME)";
			};
			name = Debug;
		};
		2692EC4B1A762CF600C5201F /* Release */ = {
			isa = XCBuildConfiguration;
			buildSettings = {
				ASSETCATALOG_COMPILER_APPICON_NAME = AppIcon;
				ASSETCATALOG_COMPILER_LAUNCHIMAGE_NAME = LaunchImage;
				INFOPLIST_FILE = MixSeafoodDemo/Info.plist;
				LD_RUNPATH_SEARCH_PATHS = "$(inherited) @executable_path/Frameworks";
				PRODUCT_NAME = "$(TARGET_NAME)";
			};
			name = Release;
		};
		2692EC4D1A762CF600C5201F /* Debug */ = {
			isa = XCBuildConfiguration;
			buildSettings = {
				BUNDLE_LOADER = "$(TEST_HOST)";
				FRAMEWORK_SEARCH_PATHS = (
					"$(SDKROOT)/Developer/Library/Frameworks",
					"$(inherited)",
				);
				GCC_PREPROCESSOR_DEFINITIONS = (
					"DEBUG=1",
					"$(inherited)",
				);
				INFOPLIST_FILE = MixSeafoodDemoTests/Info.plist;
				LD_RUNPATH_SEARCH_PATHS = "$(inherited) @executable_path/Frameworks @loader_path/Frameworks";
				PRODUCT_NAME = "$(TARGET_NAME)";
				TEST_HOST = "$(BUILT_PRODUCTS_DIR)/MixSeafoodDemo.app/MixSeafoodDemo";
			};
			name = Debug;
		};
		2692EC4E1A762CF600C5201F /* Release */ = {
			isa = XCBuildConfiguration;
			buildSettings = {
				BUNDLE_LOADER = "$(TEST_HOST)";
				FRAMEWORK_SEARCH_PATHS = (
					"$(SDKROOT)/Developer/Library/Frameworks",
					"$(inherited)",
				);
				INFOPLIST_FILE = MixSeafoodDemoTests/Info.plist;
				LD_RUNPATH_SEARCH_PATHS = "$(inherited) @executable_path/Frameworks @loader_path/Frameworks";
				PRODUCT_NAME = "$(TARGET_NAME)";
				TEST_HOST = "$(BUILT_PRODUCTS_DIR)/MixSeafoodDemo.app/MixSeafoodDemo";
			};
			name = Release;
		};
/* End XCBuildConfiguration section */

/* Begin XCConfigurationList section */
		2692EC211A762CF600C5201F /* Build configuration list for PBXProject "MixSeafoodDemo" */ = {
			isa = XCConfigurationList;
			buildConfigurations = (
				2692EC471A762CF600C5201F /* Debug */,
				2692EC481A762CF600C5201F /* Release */,
			);
			defaultConfigurationIsVisible = 0;
			defaultConfigurationName = Release;
		};
		2692EC491A762CF600C5201F /* Build configuration list for PBXNativeTarget "MixSeafoodDemo" */ = {
			isa = XCConfigurationList;
			buildConfigurations = (
				2692EC4A1A762CF600C5201F /* Debug */,
				2692EC4B1A762CF600C5201F /* Release */,
			);
			defaultConfigurationIsVisible = 0;
		};
		2692EC4C1A762CF600C5201F /* Build configuration list for PBXNativeTarget "MixSeafoodDemoTests" */ = {
			isa = XCConfigurationList;
			buildConfigurations = (
				2692EC4D1A762CF600C5201F /* Debug */,
				2692EC4E1A762CF600C5201F /* Release */,
			);
			defaultConfigurationIsVisible = 0;
		};
/* End XCConfigurationList section */
	};
	rootObject = 2692EC1E1A762CF600C5201F /* Project object */;
}
